<?xml version="1.0" encoding="utf-8"?>
<Project ToolsVersion="17.0" xmlns="http://schemas.microsoft.com/developer/msbuild/2003">
  <ItemGroup>
    <ClCompile Include="E:\Projects\iofish3\code\bspc\_files.c">
      <Filter>Source Files</Filter>
    </ClCompile>
    <ClCompile Include="E:\Projects\iofish3\code\bspc\aas_areamerging.c">
      <Filter>Source Files</Filter>
    </ClCompile>
    <ClCompile Include="E:\Projects\iofish3\code\bspc\aas_cfg.c">
      <Filter>Source Files</Filter>
    </ClCompile>
    <ClCompile Include="E:\Projects\iofish3\code\bspc\aas_create.c">
      <Filter>Source Files</Filter>
    </ClCompile>
    <ClCompile Include="E:\Projects\iofish3\code\bspc\aas_edgemelting.c">
      <Filter>Source Files</Filter>
    </ClCompile>
    <ClCompile Include="E:\Projects\iofish3\code\bspc\aas_facemerging.c">
      <Filter>Source Files</Filter>
    </ClCompile>
    <ClCompile Include="E:\Projects\iofish3\code\bspc\aas_file.c">
      <Filter>Source Files</Filter>
    </ClCompile>
    <ClCompile Include="E:\Projects\iofish3\code\bspc\aas_gsubdiv.c">
      <Filter>Source Files</Filter>
    </ClCompile>
    <ClCompile Include="E:\Projects\iofish3\code\bspc\aas_map.c">
      <Filter>Source Files</Filter>
    </ClCompile>
    <ClCompile Include="E:\Projects\iofish3\code\bspc\aas_prunenodes.c">
      <Filter>Source Files</Filter>
    </ClCompile>
    <ClCompile Include="E:\Projects\iofish3\code\bspc\aas_store.c">
      <Filter>Source Files</Filter>
    </ClCompile>
    <ClCompile Include="E:\Projects\iofish3\code\bspc\be_aas_bspc.c">
      <Filter>Source Files</Filter>
    </ClCompile>
    <ClCompile Include="E:\Projects\iofish3\code\bspc\brushbsp.c">
      <Filter>Source Files</Filter>
    </ClCompile>
    <ClCompile Include="E:\Projects\iofish3\code\bspc\bspc.c">
      <Filter>Source Files</Filter>
    </ClCompile>
    <ClCompile Include="E:\Projects\iofish3\code\bspc\csg.c">
      <Filter>Source Files</Filter>
    </ClCompile>
    <ClCompile Include="E:\Projects\iofish3\code\bspc\glfile.c">
      <Filter>Source Files</Filter>
    </ClCompile>
    <ClCompile Include="E:\Projects\iofish3\code\bspc\l_bsp_ent.c">
      <Filter>Source Files</Filter>
    </ClCompile>
    <ClCompile Include="E:\Projects\iofish3\code\bspc\l_bsp_hl.c">
      <Filter>Source Files</Filter>
    </ClCompile>
    <ClCompile Include="E:\Projects\iofish3\code\bspc\l_bsp_q1.c">
      <Filter>Source Files</Filter>
    </ClCompile>
    <ClCompile Include="E:\Projects\iofish3\code\bspc\l_bsp_q2.c">
      <Filter>Source Files</Filter>
    </ClCompile>
    <ClCompile Include="E:\Projects\iofish3\code\bspc\l_bsp_q3.c">
      <Filter>Source Files</Filter>
    </ClCompile>
    <ClCompile Include="E:\Projects\iofish3\code\bspc\l_bsp_sin.c">
      <Filter>Source Files</Filter>
    </ClCompile>
    <ClCompile Include="E:\Projects\iofish3\code\bspc\l_cmd.c">
      <Filter>Source Files</Filter>
    </ClCompile>
    <ClCompile Include="E:\Projects\iofish3\code\bspc\l_log.c">
      <Filter>Source Files</Filter>
    </ClCompile>
    <ClCompile Include="E:\Projects\iofish3\code\bspc\l_math.c">
      <Filter>Source Files</Filter>
    </ClCompile>
    <ClCompile Include="E:\Projects\iofish3\code\bspc\l_mem.c">
      <Filter>Source Files</Filter>
    </ClCompile>
    <ClCompile Include="E:\Projects\iofish3\code\bspc\l_poly.c">
      <Filter>Source Files</Filter>
    </ClCompile>
    <ClCompile Include="E:\Projects\iofish3\code\bspc\l_qfiles.c">
      <Filter>Source Files</Filter>
    </ClCompile>
    <ClCompile Include="E:\Projects\iofish3\code\bspc\l_threads.c">
      <Filter>Source Files</Filter>
    </ClCompile>
    <ClCompile Include="E:\Projects\iofish3\code\bspc\l_utils.c">
      <Filter>Source Files</Filter>
    </ClCompile>
    <ClCompile Include="E:\Projects\iofish3\code\bspc\leakfile.c">
      <Filter>Source Files</Filter>
    </ClCompile>
    <ClCompile Include="E:\Projects\iofish3\code\bspc\map.c">
      <Filter>Source Files</Filter>
    </ClCompile>
    <ClCompile Include="E:\Projects\iofish3\code\bspc\map_hl.c">
      <Filter>Source Files</Filter>
    </ClCompile>
    <ClCompile Include="E:\Projects\iofish3\code\bspc\map_q1.c">
      <Filter>Source Files</Filter>
    </ClCompile>
    <ClCompile Include="E:\Projects\iofish3\code\bspc\map_q2.c">
      <Filter>Source Files</Filter>
    </ClCompile>
    <ClCompile Include="E:\Projects\iofish3\code\bspc\map_q3.c">
      <Filter>Source Files</Filter>
    </ClCompile>
    <ClCompile Include="E:\Projects\iofish3\code\bspc\map_sin.c">
      <Filter>Source Files</Filter>
    </ClCompile>
    <ClCompile Include="E:\Projects\iofish3\code\bspc\nodraw.c">
      <Filter>Source Files</Filter>
    </ClCompile>
    <ClCompile Include="E:\Projects\iofish3\code\bspc\portals.c">
      <Filter>Source Files</Filter>
    </ClCompile>
    <ClCompile Include="E:\Projects\iofish3\code\bspc\textures.c">
      <Filter>Source Files</Filter>
    </ClCompile>
    <ClCompile Include="E:\Projects\iofish3\code\bspc\tree.c">
      <Filter>Source Files</Filter>
    </ClCompile>
    <ClCompile Include="E:\Projects\iofish3\code\bspc\deps\qcommon\unzip.c">
      <Filter>Source Files</Filter>
    </ClCompile>
    <ClCompile Include="E:\Projects\iofish3\code\bspc\deps\qcommon\cm_load.c">
      <Filter>Source Files</Filter>
    </ClCompile>
    <ClCompile Include="E:\Projects\iofish3\code\bspc\deps\qcommon\cm_patch.c">
      <Filter>Source Files</Filter>
    </ClCompile>
    <ClCompile Include="E:\Projects\iofish3\code\bspc\deps\qcommon\cm_test.c">
      <Filter>Source Files</Filter>
    </ClCompile>
    <ClCompile Include="E:\Projects\iofish3\code\bspc\deps\qcommon\cm_trace.c">
      <Filter>Source Files</Filter>
    </ClCompile>
    <ClCompile Include="E:\Projects\iofish3\code\bspc\deps\qcommon\md4.c">
      <Filter>Source Files</Filter>
    </ClCompile>
    <ClCompile Include="E:\Projects\iofish3\code\bspc\deps\botlib\be_aas_bspq3.c">
      <Filter>Source Files</Filter>
    </ClCompile>
    <ClCompile Include="E:\Projects\iofish3\code\bspc\deps\botlib\be_aas_cluster.c">
      <Filter>Source Files</Filter>
    </ClCompile>
    <ClCompile Include="E:\Projects\iofish3\code\bspc\deps\botlib\be_aas_move.c">
      <Filter>Source Files</Filter>
    </ClCompile>
    <ClCompile Include="E:\Projects\iofish3\code\bspc\deps\botlib\be_aas_optimize.c">
      <Filter>Source Files</Filter>
    </ClCompile>
    <ClCompile Include="E:\Projects\iofish3\code\bspc\deps\botlib\be_aas_reach.c">
      <Filter>Source Files</Filter>
    </ClCompile>
    <ClCompile Include="E:\Projects\iofish3\code\bspc\deps\botlib\be_aas_sample.c">
      <Filter>Source Files</Filter>
    </ClCompile>
    <ClCompile Include="E:\Projects\iofish3\code\bspc\deps\botlib\l_libvar.c">
      <Filter>Source Files</Filter>
    </ClCompile>
    <ClCompile Include="E:\Projects\iofish3\code\bspc\deps\botlib\l_precomp.c">
      <Filter>Source Files</Filter>
    </ClCompile>
    <ClCompile Include="E:\Projects\iofish3\code\bspc\deps\botlib\l_script.c">
      <Filter>Source Files</Filter>
    </ClCompile>
    <ClCompile Include="E:\Projects\iofish3\code\bspc\deps\botlib\l_struct.c">
      <Filter>Source Files</Filter>
    </ClCompile>
  </ItemGroup>
  <ItemGroup>
    <CustomBuild Include="E:\Projects\iofish3\CMakeLists.txt" />
  </ItemGroup>
  <ItemGroup>
    <Filter Include="Source Files">
      <UniqueIdentifier>{466BAB17-4599-3177-82B8-600B1EC257FA}</UniqueIdentifier>
    </Filter>
  </ItemGroup>
</Project>
