<?xml version="1.0" encoding="utf-8"?>
<Project ToolsVersion="17.0" xmlns="http://schemas.microsoft.com/developer/msbuild/2003">
  <ItemGroup>
    <CustomBuild Include="E:\Projects\iofish3\msvc\CMakeFiles\9cd9c16ef213732088d077cf7ecf5de2\bg_lib.asm.rule">
      <Filter>CMake Rules</Filter>
    </CustomBuild>
    <CustomBuild Include="E:\Projects\iofish3\msvc\CMakeFiles\9cd9c16ef213732088d077cf7ecf5de2\bg_misc.asm.rule">
      <Filter>CMake Rules</Filter>
    </CustomBuild>
    <CustomBuild Include="E:\Projects\iofish3\msvc\CMakeFiles\9cd9c16ef213732088d077cf7ecf5de2\bg_pmove.asm.rule">
      <Filter>CMake Rules</Filter>
    </CustomBuild>
    <CustomBuild Include="E:\Projects\iofish3\msvc\CMakeFiles\9cd9c16ef213732088d077cf7ecf5de2\bg_slidemove.asm.rule">
      <Filter>CMake Rules</Filter>
    </CustomBuild>
    <CustomBuild Include="E:\Projects\iofish3\msvc\CMakeFiles\9cd9c16ef213732088d077cf7ecf5de2\cg_consolecmds.asm.rule">
      <Filter>CMake Rules</Filter>
    </CustomBuild>
    <CustomBuild Include="E:\Projects\iofish3\msvc\CMakeFiles\9cd9c16ef213732088d077cf7ecf5de2\cg_draw.asm.rule">
      <Filter>CMake Rules</Filter>
    </CustomBuild>
    <CustomBuild Include="E:\Projects\iofish3\msvc\CMakeFiles\9cd9c16ef213732088d077cf7ecf5de2\cg_drawtools.asm.rule">
      <Filter>CMake Rules</Filter>
    </CustomBuild>
    <CustomBuild Include="E:\Projects\iofish3\msvc\CMakeFiles\9cd9c16ef213732088d077cf7ecf5de2\cg_effects.asm.rule">
      <Filter>CMake Rules</Filter>
    </CustomBuild>
    <CustomBuild Include="E:\Projects\iofish3\msvc\CMakeFiles\9cd9c16ef213732088d077cf7ecf5de2\cg_ents.asm.rule">
      <Filter>CMake Rules</Filter>
    </CustomBuild>
    <CustomBuild Include="E:\Projects\iofish3\msvc\CMakeFiles\9cd9c16ef213732088d077cf7ecf5de2\cg_event.asm.rule">
      <Filter>CMake Rules</Filter>
    </CustomBuild>
    <CustomBuild Include="E:\Projects\iofish3\msvc\CMakeFiles\9cd9c16ef213732088d077cf7ecf5de2\cg_info.asm.rule">
      <Filter>CMake Rules</Filter>
    </CustomBuild>
    <CustomBuild Include="E:\Projects\iofish3\msvc\CMakeFiles\9cd9c16ef213732088d077cf7ecf5de2\cg_localents.asm.rule">
      <Filter>CMake Rules</Filter>
    </CustomBuild>
    <CustomBuild Include="E:\Projects\iofish3\msvc\CMakeFiles\9cd9c16ef213732088d077cf7ecf5de2\cg_main.asm.rule">
      <Filter>CMake Rules</Filter>
    </CustomBuild>
    <CustomBuild Include="E:\Projects\iofish3\msvc\CMakeFiles\9cd9c16ef213732088d077cf7ecf5de2\cg_marks.asm.rule">
      <Filter>CMake Rules</Filter>
    </CustomBuild>
    <CustomBuild Include="E:\Projects\iofish3\msvc\CMakeFiles\9cd9c16ef213732088d077cf7ecf5de2\cg_mod.asm.rule">
      <Filter>CMake Rules</Filter>
    </CustomBuild>
    <CustomBuild Include="E:\Projects\iofish3\msvc\CMakeFiles\9cd9c16ef213732088d077cf7ecf5de2\cg_newdraw.asm.rule">
      <Filter>CMake Rules</Filter>
    </CustomBuild>
    <CustomBuild Include="E:\Projects\iofish3\msvc\CMakeFiles\9cd9c16ef213732088d077cf7ecf5de2\cg_particles.asm.rule">
      <Filter>CMake Rules</Filter>
    </CustomBuild>
    <CustomBuild Include="E:\Projects\iofish3\msvc\CMakeFiles\9cd9c16ef213732088d077cf7ecf5de2\cg_players.asm.rule">
      <Filter>CMake Rules</Filter>
    </CustomBuild>
    <CustomBuild Include="E:\Projects\iofish3\msvc\CMakeFiles\9cd9c16ef213732088d077cf7ecf5de2\cg_playerstate.asm.rule">
      <Filter>CMake Rules</Filter>
    </CustomBuild>
    <CustomBuild Include="E:\Projects\iofish3\msvc\CMakeFiles\9cd9c16ef213732088d077cf7ecf5de2\cg_predict.asm.rule">
      <Filter>CMake Rules</Filter>
    </CustomBuild>
    <CustomBuild Include="E:\Projects\iofish3\msvc\CMakeFiles\9cd9c16ef213732088d077cf7ecf5de2\cg_scoreboard.asm.rule">
      <Filter>CMake Rules</Filter>
    </CustomBuild>
    <CustomBuild Include="E:\Projects\iofish3\msvc\CMakeFiles\9cd9c16ef213732088d077cf7ecf5de2\cg_servercmds.asm.rule">
      <Filter>CMake Rules</Filter>
    </CustomBuild>
    <CustomBuild Include="E:\Projects\iofish3\msvc\CMakeFiles\9cd9c16ef213732088d077cf7ecf5de2\cg_snapshot.asm.rule">
      <Filter>CMake Rules</Filter>
    </CustomBuild>
    <CustomBuild Include="E:\Projects\iofish3\msvc\CMakeFiles\9cd9c16ef213732088d077cf7ecf5de2\cg_view.asm.rule">
      <Filter>CMake Rules</Filter>
    </CustomBuild>
    <CustomBuild Include="E:\Projects\iofish3\msvc\CMakeFiles\9cd9c16ef213732088d077cf7ecf5de2\cg_weapons.asm.rule">
      <Filter>CMake Rules</Filter>
    </CustomBuild>
    <CustomBuild Include="E:\Projects\iofish3\msvc\CMakeFiles\9cd9c16ef213732088d077cf7ecf5de2\q_math.asm.rule">
      <Filter>CMake Rules</Filter>
    </CustomBuild>
    <CustomBuild Include="E:\Projects\iofish3\msvc\CMakeFiles\9cd9c16ef213732088d077cf7ecf5de2\q_shared.asm.rule">
      <Filter>CMake Rules</Filter>
    </CustomBuild>
    <CustomBuild Include="E:\Projects\iofish3\msvc\CMakeFiles\9cd9c16ef213732088d077cf7ecf5de2\ui_shared.asm.rule">
      <Filter>CMake Rules</Filter>
    </CustomBuild>
    <CustomBuild Include="E:\Projects\iofish3\msvc\CMakeFiles\ff1d1e67720abfd9132201402483a696\cgame.qvm.rule">
      <Filter>CMake Rules</Filter>
    </CustomBuild>
    <CustomBuild Include="E:\Projects\iofish3\msvc\CMakeFiles\0499e0f601e0296592ebd4a514c64985\cgameqvm_missionpack.rule">
      <Filter>CMake Rules</Filter>
    </CustomBuild>
    <CustomBuild Include="E:\Projects\iofish3\CMakeLists.txt" />
  </ItemGroup>
  <ItemGroup>
    <None Include="E:\Projects\iofish3\msvc\CMakeFiles\cgameqvm_missionpack" />
  </ItemGroup>
  <ItemGroup>
    <Filter Include="CMake Rules">
      <UniqueIdentifier>{D8E92B7E-0F28-3783-A15F-0E73466B91BF}</UniqueIdentifier>
    </Filter>
  </ItemGroup>
</Project>
