<?xml version="1.0" encoding="utf-8"?>
<Project ToolsVersion="17.0" xmlns="http://schemas.microsoft.com/developer/msbuild/2003">
  <ItemGroup>
    <CustomBuild Include="E:\Projects\iofish3\msvc\CMakeFiles\0499e0f601e0296592ebd4a514c64985\INSTALL_force.rule">
      <Filter>CMake Rules</Filter>
    </CustomBuild>
  </ItemGroup>
  <ItemGroup>
    <Filter Include="CMake Rules">
      <UniqueIdentifier>{D8E92B7E-0F28-3783-A15F-0E73466B91BF}</UniqueIdentifier>
    </Filter>
  </ItemGroup>
</Project>
