
Microsoft Visual Studio Solution File, Format Version 12.00
# Visual Studio Version 17
Project("{8BC9CEB8-8B4A-11D0-8D11-00A0C91BC942}") = "ALL_BUILD", "ALL_BUILD.vcxproj", "{0B0C7AAA-11A3-3612-95EB-FF72BA1D560A}"
	ProjectSection(ProjectDependencies) = postProject
		{3BFC09FB-2ABA-3BD3-A1C5-C777C163D015} = {3BFC09FB-2ABA-3BD3-A1C5-C777C163D015}
		{DB82DCB5-2FA7-3FA4-BFF3-97E8FAE4E74D} = {DB82DCB5-2FA7-3FA4-BFF3-97E8FAE4E74D}
		{9C97508A-B321-3203-B76B-558671A4799C} = {9C97508A-B321-3203-B76B-558671A4799C}
		{B3852A9D-6503-3E58-807E-7782C862B5C9} = {B3852A9D-6503-3E58-807E-7782C862B5C9}
		{22460230-8BE6-3A30-9789-54517E4E779A} = {22460230-8BE6-3A30-9789-54517E4E779A}
		{683C3A82-1914-37F8-92E5-ECA21CFEF344} = {683C3A82-1914-37F8-92E5-ECA21CFEF344}
		{6B6F944A-141E-3A5C-B1CD-C73E0B48AD19} = {6B6F944A-141E-3A5C-B1CD-C73E0B48AD19}
		{49CA836D-C6D8-320A-B981-1BC88C509F15} = {49CA836D-C6D8-320A-B981-1BC88C509F15}
		{EAB0E694-9279-3B3B-8F85-5D48C0417E6C} = {EAB0E694-9279-3B3B-8F85-5D48C0417E6C}
		{645C1FD1-EA97-3E39-9368-D4B67FA32399} = {645C1FD1-EA97-3E39-9368-D4B67FA32399}
		{71FB7CE5-052E-3E37-9D75-8E293EB4676F} = {71FB7CE5-052E-3E37-9D75-8E293EB4676F}
		{35DCFC1F-B975-3F1C-A45E-097B41DC2290} = {35DCFC1F-B975-3F1C-A45E-097B41DC2290}
		{8F65D5EA-AFFA-3BCE-B990-65C87E4B4DAC} = {8F65D5EA-AFFA-3BCE-B990-65C87E4B4DAC}
		{CE3DEAA5-5FF4-33C8-A922-4E814FB4C603} = {CE3DEAA5-5FF4-33C8-A922-4E814FB4C603}
		{20F155E1-6F03-36D9-A619-8CA4686D9B44} = {20F155E1-6F03-36D9-A619-8CA4686D9B44}
		{B64D71E0-AB88-3BEF-8F84-CA31C18226B7} = {B64D71E0-AB88-3BEF-8F84-CA31C18226B7}
		{04A351AD-C603-3439-BB4F-202CFFAD7A2D} = {04A351AD-C603-3439-BB4F-202CFFAD7A2D}
		{0E83CB9C-3EEB-39F1-873C-1D1B104FD461} = {0E83CB9C-3EEB-39F1-873C-1D1B104FD461}
	EndProjectSection
EndProject
Project("{8BC9CEB8-8B4A-11D0-8D11-00A0C91BC942}") = "INSTALL", "INSTALL.vcxproj", "{7CB4CE16-DD4D-322D-BD73-A9D16927F590}"
	ProjectSection(ProjectDependencies) = postProject
		{0B0C7AAA-11A3-3612-95EB-FF72BA1D560A} = {0B0C7AAA-11A3-3612-95EB-FF72BA1D560A}
		{3BFC09FB-2ABA-3BD3-A1C5-C777C163D015} = {3BFC09FB-2ABA-3BD3-A1C5-C777C163D015}
	EndProjectSection
EndProject
Project("{8BC9CEB8-8B4A-11D0-8D11-00A0C91BC942}") = "PACKAGE", "PACKAGE.vcxproj", "{6A8C3D12-D22F-3978-B0F0-F19A2E2BA744}"
	ProjectSection(ProjectDependencies) = postProject
		{0B0C7AAA-11A3-3612-95EB-FF72BA1D560A} = {0B0C7AAA-11A3-3612-95EB-FF72BA1D560A}
		{3BFC09FB-2ABA-3BD3-A1C5-C777C163D015} = {3BFC09FB-2ABA-3BD3-A1C5-C777C163D015}
	EndProjectSection
EndProject
Project("{8BC9CEB8-8B4A-11D0-8D11-00A0C91BC942}") = "ZERO_CHECK", "ZERO_CHECK.vcxproj", "{3BFC09FB-2ABA-3BD3-A1C5-C777C163D015}"
EndProject
Project("{8BC9CEB8-8B4A-11D0-8D11-00A0C91BC942}") = "cgame_baseq3", "cgame_baseq3.vcxproj", "{DB82DCB5-2FA7-3FA4-BFF3-97E8FAE4E74D}"
	ProjectSection(ProjectDependencies) = postProject
		{3BFC09FB-2ABA-3BD3-A1C5-C777C163D015} = {3BFC09FB-2ABA-3BD3-A1C5-C777C163D015}
	EndProjectSection
EndProject
Project("{8BC9CEB8-8B4A-11D0-8D11-00A0C91BC942}") = "cgame_missionpack", "cgame_missionpack.vcxproj", "{9C97508A-B321-3203-B76B-558671A4799C}"
	ProjectSection(ProjectDependencies) = postProject
		{3BFC09FB-2ABA-3BD3-A1C5-C777C163D015} = {3BFC09FB-2ABA-3BD3-A1C5-C777C163D015}
	EndProjectSection
EndProject
Project("{8BC9CEB8-8B4A-11D0-8D11-00A0C91BC942}") = "cgameqvm_baseq3", "cgameqvm_baseq3.vcxproj", "{B3852A9D-6503-3E58-807E-7782C862B5C9}"
	ProjectSection(ProjectDependencies) = postProject
		{3BFC09FB-2ABA-3BD3-A1C5-C777C163D015} = {3BFC09FB-2ABA-3BD3-A1C5-C777C163D015}
		{35DCFC1F-B975-3F1C-A45E-097B41DC2290} = {35DCFC1F-B975-3F1C-A45E-097B41DC2290}
	EndProjectSection
EndProject
Project("{8BC9CEB8-8B4A-11D0-8D11-00A0C91BC942}") = "cgameqvm_missionpack", "cgameqvm_missionpack.vcxproj", "{22460230-8BE6-3A30-9789-54517E4E779A}"
	ProjectSection(ProjectDependencies) = postProject
		{3BFC09FB-2ABA-3BD3-A1C5-C777C163D015} = {3BFC09FB-2ABA-3BD3-A1C5-C777C163D015}
		{35DCFC1F-B975-3F1C-A45E-097B41DC2290} = {35DCFC1F-B975-3F1C-A45E-097B41DC2290}
	EndProjectSection
EndProject
Project("{8BC9CEB8-8B4A-11D0-8D11-00A0C91BC942}") = "ioq3ded", "ioq3ded.vcxproj", "{683C3A82-1914-37F8-92E5-ECA21CFEF344}"
	ProjectSection(ProjectDependencies) = postProject
		{3BFC09FB-2ABA-3BD3-A1C5-C777C163D015} = {3BFC09FB-2ABA-3BD3-A1C5-C777C163D015}
	EndProjectSection
EndProject
Project("{8BC9CEB8-8B4A-11D0-8D11-00A0C91BC942}") = "ioquake3", "ioquake3.vcxproj", "{6B6F944A-141E-3A5C-B1CD-C73E0B48AD19}"
	ProjectSection(ProjectDependencies) = postProject
		{3BFC09FB-2ABA-3BD3-A1C5-C777C163D015} = {3BFC09FB-2ABA-3BD3-A1C5-C777C163D015}
	EndProjectSection
EndProject
Project("{8BC9CEB8-8B4A-11D0-8D11-00A0C91BC942}") = "qagame_baseq3", "qagame_baseq3.vcxproj", "{49CA836D-C6D8-320A-B981-1BC88C509F15}"
	ProjectSection(ProjectDependencies) = postProject
		{3BFC09FB-2ABA-3BD3-A1C5-C777C163D015} = {3BFC09FB-2ABA-3BD3-A1C5-C777C163D015}
	EndProjectSection
EndProject
Project("{8BC9CEB8-8B4A-11D0-8D11-00A0C91BC942}") = "qagame_missionpack", "qagame_missionpack.vcxproj", "{EAB0E694-9279-3B3B-8F85-5D48C0417E6C}"
	ProjectSection(ProjectDependencies) = postProject
		{3BFC09FB-2ABA-3BD3-A1C5-C777C163D015} = {3BFC09FB-2ABA-3BD3-A1C5-C777C163D015}
	EndProjectSection
EndProject
Project("{8BC9CEB8-8B4A-11D0-8D11-00A0C91BC942}") = "qagameqvm_baseq3", "qagameqvm_baseq3.vcxproj", "{645C1FD1-EA97-3E39-9368-D4B67FA32399}"
	ProjectSection(ProjectDependencies) = postProject
		{3BFC09FB-2ABA-3BD3-A1C5-C777C163D015} = {3BFC09FB-2ABA-3BD3-A1C5-C777C163D015}
		{35DCFC1F-B975-3F1C-A45E-097B41DC2290} = {35DCFC1F-B975-3F1C-A45E-097B41DC2290}
	EndProjectSection
EndProject
Project("{8BC9CEB8-8B4A-11D0-8D11-00A0C91BC942}") = "qagameqvm_missionpack", "qagameqvm_missionpack.vcxproj", "{71FB7CE5-052E-3E37-9D75-8E293EB4676F}"
	ProjectSection(ProjectDependencies) = postProject
		{3BFC09FB-2ABA-3BD3-A1C5-C777C163D015} = {3BFC09FB-2ABA-3BD3-A1C5-C777C163D015}
		{35DCFC1F-B975-3F1C-A45E-097B41DC2290} = {35DCFC1F-B975-3F1C-A45E-097B41DC2290}
	EndProjectSection
EndProject
Project("{8BC9CEB8-8B4A-11D0-8D11-00A0C91BC942}") = "qvm_tools", "qvm_tools.vcxproj", "{35DCFC1F-B975-3F1C-A45E-097B41DC2290}"
	ProjectSection(ProjectDependencies) = postProject
		{3BFC09FB-2ABA-3BD3-A1C5-C777C163D015} = {3BFC09FB-2ABA-3BD3-A1C5-C777C163D015}
	EndProjectSection
EndProject
Project("{8BC9CEB8-8B4A-11D0-8D11-00A0C91BC942}") = "renderer_opengl1", "renderer_opengl1.vcxproj", "{8F65D5EA-AFFA-3BCE-B990-65C87E4B4DAC}"
	ProjectSection(ProjectDependencies) = postProject
		{3BFC09FB-2ABA-3BD3-A1C5-C777C163D015} = {3BFC09FB-2ABA-3BD3-A1C5-C777C163D015}
	EndProjectSection
EndProject
Project("{8BC9CEB8-8B4A-11D0-8D11-00A0C91BC942}") = "renderer_opengl2", "renderer_opengl2.vcxproj", "{CE3DEAA5-5FF4-33C8-A922-4E814FB4C603}"
	ProjectSection(ProjectDependencies) = postProject
		{3BFC09FB-2ABA-3BD3-A1C5-C777C163D015} = {3BFC09FB-2ABA-3BD3-A1C5-C777C163D015}
	EndProjectSection
EndProject
Project("{8BC9CEB8-8B4A-11D0-8D11-00A0C91BC942}") = "ui_baseq3", "ui_baseq3.vcxproj", "{20F155E1-6F03-36D9-A619-8CA4686D9B44}"
	ProjectSection(ProjectDependencies) = postProject
		{3BFC09FB-2ABA-3BD3-A1C5-C777C163D015} = {3BFC09FB-2ABA-3BD3-A1C5-C777C163D015}
	EndProjectSection
EndProject
Project("{8BC9CEB8-8B4A-11D0-8D11-00A0C91BC942}") = "ui_missionpack", "ui_missionpack.vcxproj", "{B64D71E0-AB88-3BEF-8F84-CA31C18226B7}"
	ProjectSection(ProjectDependencies) = postProject
		{3BFC09FB-2ABA-3BD3-A1C5-C777C163D015} = {3BFC09FB-2ABA-3BD3-A1C5-C777C163D015}
	EndProjectSection
EndProject
Project("{8BC9CEB8-8B4A-11D0-8D11-00A0C91BC942}") = "uiqvm_baseq3", "uiqvm_baseq3.vcxproj", "{04A351AD-C603-3439-BB4F-202CFFAD7A2D}"
	ProjectSection(ProjectDependencies) = postProject
		{3BFC09FB-2ABA-3BD3-A1C5-C777C163D015} = {3BFC09FB-2ABA-3BD3-A1C5-C777C163D015}
		{35DCFC1F-B975-3F1C-A45E-097B41DC2290} = {35DCFC1F-B975-3F1C-A45E-097B41DC2290}
	EndProjectSection
EndProject
Project("{8BC9CEB8-8B4A-11D0-8D11-00A0C91BC942}") = "uiqvm_missionpack", "uiqvm_missionpack.vcxproj", "{0E83CB9C-3EEB-39F1-873C-1D1B104FD461}"
	ProjectSection(ProjectDependencies) = postProject
		{3BFC09FB-2ABA-3BD3-A1C5-C777C163D015} = {3BFC09FB-2ABA-3BD3-A1C5-C777C163D015}
		{35DCFC1F-B975-3F1C-A45E-097B41DC2290} = {35DCFC1F-B975-3F1C-A45E-097B41DC2290}
	EndProjectSection
EndProject
Project("{FAE04EC0-301F-11D3-BF4B-00C04F79EFBC}") = "RendererDotNet", "..\code\rendererdotnet\RendererDotNet.csproj", "{8536048D-9926-4F59-B825-8D54A596B548}"
EndProject
Global
	GlobalSection(SolutionConfigurationPlatforms) = preSolution
		Debug|x64 = Debug|x64
		Debug|Any CPU = Debug|Any CPU
		Debug|x86 = Debug|x86
		Release|x64 = Release|x64
		Release|Any CPU = Release|Any CPU
		Release|x86 = Release|x86
		MinSizeRel|x64 = MinSizeRel|x64
		MinSizeRel|Any CPU = MinSizeRel|Any CPU
		MinSizeRel|x86 = MinSizeRel|x86
		RelWithDebInfo|x64 = RelWithDebInfo|x64
		RelWithDebInfo|Any CPU = RelWithDebInfo|Any CPU
		RelWithDebInfo|x86 = RelWithDebInfo|x86
	EndGlobalSection
	GlobalSection(ProjectConfigurationPlatforms) = postSolution
		{0B0C7AAA-11A3-3612-95EB-FF72BA1D560A}.Debug|x64.ActiveCfg = Debug|x64
		{0B0C7AAA-11A3-3612-95EB-FF72BA1D560A}.Debug|x64.Build.0 = Debug|x64
		{0B0C7AAA-11A3-3612-95EB-FF72BA1D560A}.Debug|Any CPU.ActiveCfg = Debug|x64
		{0B0C7AAA-11A3-3612-95EB-FF72BA1D560A}.Debug|Any CPU.Build.0 = Debug|x64
		{0B0C7AAA-11A3-3612-95EB-FF72BA1D560A}.Debug|x86.ActiveCfg = Debug|Win32
		{0B0C7AAA-11A3-3612-95EB-FF72BA1D560A}.Debug|x86.Build.0 = Debug|Win32
		{0B0C7AAA-11A3-3612-95EB-FF72BA1D560A}.Release|x64.ActiveCfg = Release|x64
		{0B0C7AAA-11A3-3612-95EB-FF72BA1D560A}.Release|x64.Build.0 = Release|x64
		{0B0C7AAA-11A3-3612-95EB-FF72BA1D560A}.Release|Any CPU.ActiveCfg = Release|x64
		{0B0C7AAA-11A3-3612-95EB-FF72BA1D560A}.Release|Any CPU.Build.0 = Release|x64
		{0B0C7AAA-11A3-3612-95EB-FF72BA1D560A}.Release|x86.ActiveCfg = Release|Win32
		{0B0C7AAA-11A3-3612-95EB-FF72BA1D560A}.Release|x86.Build.0 = Release|Win32
		{0B0C7AAA-11A3-3612-95EB-FF72BA1D560A}.MinSizeRel|x64.ActiveCfg = MinSizeRel|x64
		{0B0C7AAA-11A3-3612-95EB-FF72BA1D560A}.MinSizeRel|x64.Build.0 = MinSizeRel|x64
		{0B0C7AAA-11A3-3612-95EB-FF72BA1D560A}.MinSizeRel|Any CPU.ActiveCfg = MinSizeRel|x64
		{0B0C7AAA-11A3-3612-95EB-FF72BA1D560A}.MinSizeRel|Any CPU.Build.0 = MinSizeRel|x64
		{0B0C7AAA-11A3-3612-95EB-FF72BA1D560A}.MinSizeRel|x86.ActiveCfg = MinSizeRel|Win32
		{0B0C7AAA-11A3-3612-95EB-FF72BA1D560A}.MinSizeRel|x86.Build.0 = MinSizeRel|Win32
		{0B0C7AAA-11A3-3612-95EB-FF72BA1D560A}.RelWithDebInfo|x64.ActiveCfg = RelWithDebInfo|x64
		{0B0C7AAA-11A3-3612-95EB-FF72BA1D560A}.RelWithDebInfo|x64.Build.0 = RelWithDebInfo|x64
		{0B0C7AAA-11A3-3612-95EB-FF72BA1D560A}.RelWithDebInfo|Any CPU.ActiveCfg = RelWithDebInfo|x64
		{0B0C7AAA-11A3-3612-95EB-FF72BA1D560A}.RelWithDebInfo|Any CPU.Build.0 = RelWithDebInfo|x64
		{0B0C7AAA-11A3-3612-95EB-FF72BA1D560A}.RelWithDebInfo|x86.ActiveCfg = RelWithDebInfo|Win32
		{0B0C7AAA-11A3-3612-95EB-FF72BA1D560A}.RelWithDebInfo|x86.Build.0 = RelWithDebInfo|Win32
		{7CB4CE16-DD4D-322D-BD73-A9D16927F590}.Debug|x64.ActiveCfg = Debug|x64
		{7CB4CE16-DD4D-322D-BD73-A9D16927F590}.Debug|Any CPU.ActiveCfg = Debug|x64
		{7CB4CE16-DD4D-322D-BD73-A9D16927F590}.Debug|Any CPU.Build.0 = Debug|x64
		{7CB4CE16-DD4D-322D-BD73-A9D16927F590}.Debug|x86.ActiveCfg = Debug|Win32
		{7CB4CE16-DD4D-322D-BD73-A9D16927F590}.Debug|x86.Build.0 = Debug|Win32
		{7CB4CE16-DD4D-322D-BD73-A9D16927F590}.Release|x64.ActiveCfg = Release|x64
		{7CB4CE16-DD4D-322D-BD73-A9D16927F590}.Release|Any CPU.ActiveCfg = Release|x64
		{7CB4CE16-DD4D-322D-BD73-A9D16927F590}.Release|Any CPU.Build.0 = Release|x64
		{7CB4CE16-DD4D-322D-BD73-A9D16927F590}.Release|x86.ActiveCfg = Release|Win32
		{7CB4CE16-DD4D-322D-BD73-A9D16927F590}.Release|x86.Build.0 = Release|Win32
		{7CB4CE16-DD4D-322D-BD73-A9D16927F590}.MinSizeRel|x64.ActiveCfg = MinSizeRel|x64
		{7CB4CE16-DD4D-322D-BD73-A9D16927F590}.MinSizeRel|Any CPU.ActiveCfg = MinSizeRel|x64
		{7CB4CE16-DD4D-322D-BD73-A9D16927F590}.MinSizeRel|Any CPU.Build.0 = MinSizeRel|x64
		{7CB4CE16-DD4D-322D-BD73-A9D16927F590}.MinSizeRel|x86.ActiveCfg = MinSizeRel|Win32
		{7CB4CE16-DD4D-322D-BD73-A9D16927F590}.MinSizeRel|x86.Build.0 = MinSizeRel|Win32
		{7CB4CE16-DD4D-322D-BD73-A9D16927F590}.RelWithDebInfo|x64.ActiveCfg = RelWithDebInfo|x64
		{7CB4CE16-DD4D-322D-BD73-A9D16927F590}.RelWithDebInfo|Any CPU.ActiveCfg = RelWithDebInfo|x64
		{7CB4CE16-DD4D-322D-BD73-A9D16927F590}.RelWithDebInfo|Any CPU.Build.0 = RelWithDebInfo|x64
		{7CB4CE16-DD4D-322D-BD73-A9D16927F590}.RelWithDebInfo|x86.ActiveCfg = RelWithDebInfo|Win32
		{7CB4CE16-DD4D-322D-BD73-A9D16927F590}.RelWithDebInfo|x86.Build.0 = RelWithDebInfo|Win32
		{6A8C3D12-D22F-3978-B0F0-F19A2E2BA744}.Debug|x64.ActiveCfg = Debug|x64
		{6A8C3D12-D22F-3978-B0F0-F19A2E2BA744}.Debug|Any CPU.ActiveCfg = Debug|x64
		{6A8C3D12-D22F-3978-B0F0-F19A2E2BA744}.Debug|Any CPU.Build.0 = Debug|x64
		{6A8C3D12-D22F-3978-B0F0-F19A2E2BA744}.Debug|x86.ActiveCfg = Debug|Win32
		{6A8C3D12-D22F-3978-B0F0-F19A2E2BA744}.Debug|x86.Build.0 = Debug|Win32
		{6A8C3D12-D22F-3978-B0F0-F19A2E2BA744}.Release|x64.ActiveCfg = Release|x64
		{6A8C3D12-D22F-3978-B0F0-F19A2E2BA744}.Release|Any CPU.ActiveCfg = Release|x64
		{6A8C3D12-D22F-3978-B0F0-F19A2E2BA744}.Release|Any CPU.Build.0 = Release|x64
		{6A8C3D12-D22F-3978-B0F0-F19A2E2BA744}.Release|x86.ActiveCfg = Release|Win32
		{6A8C3D12-D22F-3978-B0F0-F19A2E2BA744}.Release|x86.Build.0 = Release|Win32
		{6A8C3D12-D22F-3978-B0F0-F19A2E2BA744}.MinSizeRel|x64.ActiveCfg = MinSizeRel|x64
		{6A8C3D12-D22F-3978-B0F0-F19A2E2BA744}.MinSizeRel|Any CPU.ActiveCfg = MinSizeRel|x64
		{6A8C3D12-D22F-3978-B0F0-F19A2E2BA744}.MinSizeRel|Any CPU.Build.0 = MinSizeRel|x64
		{6A8C3D12-D22F-3978-B0F0-F19A2E2BA744}.MinSizeRel|x86.ActiveCfg = MinSizeRel|Win32
		{6A8C3D12-D22F-3978-B0F0-F19A2E2BA744}.MinSizeRel|x86.Build.0 = MinSizeRel|Win32
		{6A8C3D12-D22F-3978-B0F0-F19A2E2BA744}.RelWithDebInfo|x64.ActiveCfg = RelWithDebInfo|x64
		{6A8C3D12-D22F-3978-B0F0-F19A2E2BA744}.RelWithDebInfo|Any CPU.ActiveCfg = RelWithDebInfo|x64
		{6A8C3D12-D22F-3978-B0F0-F19A2E2BA744}.RelWithDebInfo|Any CPU.Build.0 = RelWithDebInfo|x64
		{6A8C3D12-D22F-3978-B0F0-F19A2E2BA744}.RelWithDebInfo|x86.ActiveCfg = RelWithDebInfo|Win32
		{6A8C3D12-D22F-3978-B0F0-F19A2E2BA744}.RelWithDebInfo|x86.Build.0 = RelWithDebInfo|Win32
		{3BFC09FB-2ABA-3BD3-A1C5-C777C163D015}.Debug|x64.ActiveCfg = Debug|x64
		{3BFC09FB-2ABA-3BD3-A1C5-C777C163D015}.Debug|x64.Build.0 = Debug|x64
		{3BFC09FB-2ABA-3BD3-A1C5-C777C163D015}.Debug|Any CPU.ActiveCfg = Debug|x64
		{3BFC09FB-2ABA-3BD3-A1C5-C777C163D015}.Debug|Any CPU.Build.0 = Debug|x64
		{3BFC09FB-2ABA-3BD3-A1C5-C777C163D015}.Debug|x86.ActiveCfg = Debug|Win32
		{3BFC09FB-2ABA-3BD3-A1C5-C777C163D015}.Debug|x86.Build.0 = Debug|Win32
		{3BFC09FB-2ABA-3BD3-A1C5-C777C163D015}.Release|x64.ActiveCfg = Release|x64
		{3BFC09FB-2ABA-3BD3-A1C5-C777C163D015}.Release|x64.Build.0 = Release|x64
		{3BFC09FB-2ABA-3BD3-A1C5-C777C163D015}.Release|Any CPU.ActiveCfg = Release|x64
		{3BFC09FB-2ABA-3BD3-A1C5-C777C163D015}.Release|Any CPU.Build.0 = Release|x64
		{3BFC09FB-2ABA-3BD3-A1C5-C777C163D015}.Release|x86.ActiveCfg = Release|Win32
		{3BFC09FB-2ABA-3BD3-A1C5-C777C163D015}.Release|x86.Build.0 = Release|Win32
		{3BFC09FB-2ABA-3BD3-A1C5-C777C163D015}.MinSizeRel|x64.ActiveCfg = MinSizeRel|x64
		{3BFC09FB-2ABA-3BD3-A1C5-C777C163D015}.MinSizeRel|x64.Build.0 = MinSizeRel|x64
		{3BFC09FB-2ABA-3BD3-A1C5-C777C163D015}.MinSizeRel|Any CPU.ActiveCfg = MinSizeRel|x64
		{3BFC09FB-2ABA-3BD3-A1C5-C777C163D015}.MinSizeRel|Any CPU.Build.0 = MinSizeRel|x64
		{3BFC09FB-2ABA-3BD3-A1C5-C777C163D015}.MinSizeRel|x86.ActiveCfg = MinSizeRel|Win32
		{3BFC09FB-2ABA-3BD3-A1C5-C777C163D015}.MinSizeRel|x86.Build.0 = MinSizeRel|Win32
		{3BFC09FB-2ABA-3BD3-A1C5-C777C163D015}.RelWithDebInfo|x64.ActiveCfg = RelWithDebInfo|x64
		{3BFC09FB-2ABA-3BD3-A1C5-C777C163D015}.RelWithDebInfo|x64.Build.0 = RelWithDebInfo|x64
		{3BFC09FB-2ABA-3BD3-A1C5-C777C163D015}.RelWithDebInfo|Any CPU.ActiveCfg = RelWithDebInfo|x64
		{3BFC09FB-2ABA-3BD3-A1C5-C777C163D015}.RelWithDebInfo|Any CPU.Build.0 = RelWithDebInfo|x64
		{3BFC09FB-2ABA-3BD3-A1C5-C777C163D015}.RelWithDebInfo|x86.ActiveCfg = RelWithDebInfo|Win32
		{3BFC09FB-2ABA-3BD3-A1C5-C777C163D015}.RelWithDebInfo|x86.Build.0 = RelWithDebInfo|Win32
		{DB82DCB5-2FA7-3FA4-BFF3-97E8FAE4E74D}.Debug|x64.ActiveCfg = Debug|x64
		{DB82DCB5-2FA7-3FA4-BFF3-97E8FAE4E74D}.Debug|x64.Build.0 = Debug|x64
		{DB82DCB5-2FA7-3FA4-BFF3-97E8FAE4E74D}.Debug|Any CPU.ActiveCfg = Debug|x64
		{DB82DCB5-2FA7-3FA4-BFF3-97E8FAE4E74D}.Debug|Any CPU.Build.0 = Debug|x64
		{DB82DCB5-2FA7-3FA4-BFF3-97E8FAE4E74D}.Debug|x86.ActiveCfg = Debug|Win32
		{DB82DCB5-2FA7-3FA4-BFF3-97E8FAE4E74D}.Debug|x86.Build.0 = Debug|Win32
		{DB82DCB5-2FA7-3FA4-BFF3-97E8FAE4E74D}.Release|x64.ActiveCfg = Release|x64
		{DB82DCB5-2FA7-3FA4-BFF3-97E8FAE4E74D}.Release|x64.Build.0 = Release|x64
		{DB82DCB5-2FA7-3FA4-BFF3-97E8FAE4E74D}.Release|Any CPU.ActiveCfg = Release|x64
		{DB82DCB5-2FA7-3FA4-BFF3-97E8FAE4E74D}.Release|Any CPU.Build.0 = Release|x64
		{DB82DCB5-2FA7-3FA4-BFF3-97E8FAE4E74D}.Release|x86.ActiveCfg = Release|Win32
		{DB82DCB5-2FA7-3FA4-BFF3-97E8FAE4E74D}.Release|x86.Build.0 = Release|Win32
		{DB82DCB5-2FA7-3FA4-BFF3-97E8FAE4E74D}.MinSizeRel|x64.ActiveCfg = MinSizeRel|x64
		{DB82DCB5-2FA7-3FA4-BFF3-97E8FAE4E74D}.MinSizeRel|x64.Build.0 = MinSizeRel|x64
		{DB82DCB5-2FA7-3FA4-BFF3-97E8FAE4E74D}.MinSizeRel|Any CPU.ActiveCfg = MinSizeRel|x64
		{DB82DCB5-2FA7-3FA4-BFF3-97E8FAE4E74D}.MinSizeRel|Any CPU.Build.0 = MinSizeRel|x64
		{DB82DCB5-2FA7-3FA4-BFF3-97E8FAE4E74D}.MinSizeRel|x86.ActiveCfg = MinSizeRel|Win32
		{DB82DCB5-2FA7-3FA4-BFF3-97E8FAE4E74D}.MinSizeRel|x86.Build.0 = MinSizeRel|Win32
		{DB82DCB5-2FA7-3FA4-BFF3-97E8FAE4E74D}.RelWithDebInfo|x64.ActiveCfg = RelWithDebInfo|x64
		{DB82DCB5-2FA7-3FA4-BFF3-97E8FAE4E74D}.RelWithDebInfo|x64.Build.0 = RelWithDebInfo|x64
		{DB82DCB5-2FA7-3FA4-BFF3-97E8FAE4E74D}.RelWithDebInfo|Any CPU.ActiveCfg = RelWithDebInfo|x64
		{DB82DCB5-2FA7-3FA4-BFF3-97E8FAE4E74D}.RelWithDebInfo|Any CPU.Build.0 = RelWithDebInfo|x64
		{DB82DCB5-2FA7-3FA4-BFF3-97E8FAE4E74D}.RelWithDebInfo|x86.ActiveCfg = RelWithDebInfo|Win32
		{DB82DCB5-2FA7-3FA4-BFF3-97E8FAE4E74D}.RelWithDebInfo|x86.Build.0 = RelWithDebInfo|Win32
		{9C97508A-B321-3203-B76B-558671A4799C}.Debug|x64.ActiveCfg = Debug|x64
		{9C97508A-B321-3203-B76B-558671A4799C}.Debug|x64.Build.0 = Debug|x64
		{9C97508A-B321-3203-B76B-558671A4799C}.Debug|Any CPU.ActiveCfg = Debug|x64
		{9C97508A-B321-3203-B76B-558671A4799C}.Debug|Any CPU.Build.0 = Debug|x64
		{9C97508A-B321-3203-B76B-558671A4799C}.Debug|x86.ActiveCfg = Debug|Win32
		{9C97508A-B321-3203-B76B-558671A4799C}.Debug|x86.Build.0 = Debug|Win32
		{9C97508A-B321-3203-B76B-558671A4799C}.Release|x64.ActiveCfg = Release|x64
		{9C97508A-B321-3203-B76B-558671A4799C}.Release|x64.Build.0 = Release|x64
		{9C97508A-B321-3203-B76B-558671A4799C}.Release|Any CPU.ActiveCfg = Release|x64
		{9C97508A-B321-3203-B76B-558671A4799C}.Release|Any CPU.Build.0 = Release|x64
		{9C97508A-B321-3203-B76B-558671A4799C}.Release|x86.ActiveCfg = Release|Win32
		{9C97508A-B321-3203-B76B-558671A4799C}.Release|x86.Build.0 = Release|Win32
		{9C97508A-B321-3203-B76B-558671A4799C}.MinSizeRel|x64.ActiveCfg = MinSizeRel|x64
		{9C97508A-B321-3203-B76B-558671A4799C}.MinSizeRel|x64.Build.0 = MinSizeRel|x64
		{9C97508A-B321-3203-B76B-558671A4799C}.MinSizeRel|Any CPU.ActiveCfg = MinSizeRel|x64
		{9C97508A-B321-3203-B76B-558671A4799C}.MinSizeRel|Any CPU.Build.0 = MinSizeRel|x64
		{9C97508A-B321-3203-B76B-558671A4799C}.MinSizeRel|x86.ActiveCfg = MinSizeRel|Win32
		{9C97508A-B321-3203-B76B-558671A4799C}.MinSizeRel|x86.Build.0 = MinSizeRel|Win32
		{9C97508A-B321-3203-B76B-558671A4799C}.RelWithDebInfo|x64.ActiveCfg = RelWithDebInfo|x64
		{9C97508A-B321-3203-B76B-558671A4799C}.RelWithDebInfo|x64.Build.0 = RelWithDebInfo|x64
		{9C97508A-B321-3203-B76B-558671A4799C}.RelWithDebInfo|Any CPU.ActiveCfg = RelWithDebInfo|x64
		{9C97508A-B321-3203-B76B-558671A4799C}.RelWithDebInfo|Any CPU.Build.0 = RelWithDebInfo|x64
		{9C97508A-B321-3203-B76B-558671A4799C}.RelWithDebInfo|x86.ActiveCfg = RelWithDebInfo|Win32
		{9C97508A-B321-3203-B76B-558671A4799C}.RelWithDebInfo|x86.Build.0 = RelWithDebInfo|Win32
		{B3852A9D-6503-3E58-807E-7782C862B5C9}.Debug|x64.ActiveCfg = Debug|x64
		{B3852A9D-6503-3E58-807E-7782C862B5C9}.Debug|x64.Build.0 = Debug|x64
		{B3852A9D-6503-3E58-807E-7782C862B5C9}.Debug|Any CPU.ActiveCfg = Debug|x64
		{B3852A9D-6503-3E58-807E-7782C862B5C9}.Debug|Any CPU.Build.0 = Debug|x64
		{B3852A9D-6503-3E58-807E-7782C862B5C9}.Debug|x86.ActiveCfg = Debug|Win32
		{B3852A9D-6503-3E58-807E-7782C862B5C9}.Debug|x86.Build.0 = Debug|Win32
		{B3852A9D-6503-3E58-807E-7782C862B5C9}.Release|x64.ActiveCfg = Release|x64
		{B3852A9D-6503-3E58-807E-7782C862B5C9}.Release|x64.Build.0 = Release|x64
		{B3852A9D-6503-3E58-807E-7782C862B5C9}.Release|Any CPU.ActiveCfg = Release|x64
		{B3852A9D-6503-3E58-807E-7782C862B5C9}.Release|Any CPU.Build.0 = Release|x64
		{B3852A9D-6503-3E58-807E-7782C862B5C9}.Release|x86.ActiveCfg = Release|Win32
		{B3852A9D-6503-3E58-807E-7782C862B5C9}.Release|x86.Build.0 = Release|Win32
		{B3852A9D-6503-3E58-807E-7782C862B5C9}.MinSizeRel|x64.ActiveCfg = MinSizeRel|x64
		{B3852A9D-6503-3E58-807E-7782C862B5C9}.MinSizeRel|x64.Build.0 = MinSizeRel|x64
		{B3852A9D-6503-3E58-807E-7782C862B5C9}.MinSizeRel|Any CPU.ActiveCfg = MinSizeRel|x64
		{B3852A9D-6503-3E58-807E-7782C862B5C9}.MinSizeRel|Any CPU.Build.0 = MinSizeRel|x64
		{B3852A9D-6503-3E58-807E-7782C862B5C9}.MinSizeRel|x86.ActiveCfg = MinSizeRel|Win32
		{B3852A9D-6503-3E58-807E-7782C862B5C9}.MinSizeRel|x86.Build.0 = MinSizeRel|Win32
		{B3852A9D-6503-3E58-807E-7782C862B5C9}.RelWithDebInfo|x64.ActiveCfg = RelWithDebInfo|x64
		{B3852A9D-6503-3E58-807E-7782C862B5C9}.RelWithDebInfo|x64.Build.0 = RelWithDebInfo|x64
		{B3852A9D-6503-3E58-807E-7782C862B5C9}.RelWithDebInfo|Any CPU.ActiveCfg = RelWithDebInfo|x64
		{B3852A9D-6503-3E58-807E-7782C862B5C9}.RelWithDebInfo|Any CPU.Build.0 = RelWithDebInfo|x64
		{B3852A9D-6503-3E58-807E-7782C862B5C9}.RelWithDebInfo|x86.ActiveCfg = RelWithDebInfo|Win32
		{B3852A9D-6503-3E58-807E-7782C862B5C9}.RelWithDebInfo|x86.Build.0 = RelWithDebInfo|Win32
		{22460230-8BE6-3A30-9789-54517E4E779A}.Debug|x64.ActiveCfg = Debug|x64
		{22460230-8BE6-3A30-9789-54517E4E779A}.Debug|x64.Build.0 = Debug|x64
		{22460230-8BE6-3A30-9789-54517E4E779A}.Debug|Any CPU.ActiveCfg = Debug|x64
		{22460230-8BE6-3A30-9789-54517E4E779A}.Debug|Any CPU.Build.0 = Debug|x64
		{22460230-8BE6-3A30-9789-54517E4E779A}.Debug|x86.ActiveCfg = Debug|Win32
		{22460230-8BE6-3A30-9789-54517E4E779A}.Debug|x86.Build.0 = Debug|Win32
		{22460230-8BE6-3A30-9789-54517E4E779A}.Release|x64.ActiveCfg = Release|x64
		{22460230-8BE6-3A30-9789-54517E4E779A}.Release|x64.Build.0 = Release|x64
		{22460230-8BE6-3A30-9789-54517E4E779A}.Release|Any CPU.ActiveCfg = Release|x64
		{22460230-8BE6-3A30-9789-54517E4E779A}.Release|Any CPU.Build.0 = Release|x64
		{22460230-8BE6-3A30-9789-54517E4E779A}.Release|x86.ActiveCfg = Release|Win32
		{22460230-8BE6-3A30-9789-54517E4E779A}.Release|x86.Build.0 = Release|Win32
		{22460230-8BE6-3A30-9789-54517E4E779A}.MinSizeRel|x64.ActiveCfg = MinSizeRel|x64
		{22460230-8BE6-3A30-9789-54517E4E779A}.MinSizeRel|x64.Build.0 = MinSizeRel|x64
		{22460230-8BE6-3A30-9789-54517E4E779A}.MinSizeRel|Any CPU.ActiveCfg = MinSizeRel|x64
		{22460230-8BE6-3A30-9789-54517E4E779A}.MinSizeRel|Any CPU.Build.0 = MinSizeRel|x64
		{22460230-8BE6-3A30-9789-54517E4E779A}.MinSizeRel|x86.ActiveCfg = MinSizeRel|Win32
		{22460230-8BE6-3A30-9789-54517E4E779A}.MinSizeRel|x86.Build.0 = MinSizeRel|Win32
		{22460230-8BE6-3A30-9789-54517E4E779A}.RelWithDebInfo|x64.ActiveCfg = RelWithDebInfo|x64
		{22460230-8BE6-3A30-9789-54517E4E779A}.RelWithDebInfo|x64.Build.0 = RelWithDebInfo|x64
		{22460230-8BE6-3A30-9789-54517E4E779A}.RelWithDebInfo|Any CPU.ActiveCfg = RelWithDebInfo|x64
		{22460230-8BE6-3A30-9789-54517E4E779A}.RelWithDebInfo|Any CPU.Build.0 = RelWithDebInfo|x64
		{22460230-8BE6-3A30-9789-54517E4E779A}.RelWithDebInfo|x86.ActiveCfg = RelWithDebInfo|Win32
		{22460230-8BE6-3A30-9789-54517E4E779A}.RelWithDebInfo|x86.Build.0 = RelWithDebInfo|Win32
		{683C3A82-1914-37F8-92E5-ECA21CFEF344}.Debug|x64.ActiveCfg = Debug|x64
		{683C3A82-1914-37F8-92E5-ECA21CFEF344}.Debug|x64.Build.0 = Debug|x64
		{683C3A82-1914-37F8-92E5-ECA21CFEF344}.Debug|Any CPU.ActiveCfg = Debug|x64
		{683C3A82-1914-37F8-92E5-ECA21CFEF344}.Debug|Any CPU.Build.0 = Debug|x64
		{683C3A82-1914-37F8-92E5-ECA21CFEF344}.Debug|x86.ActiveCfg = Debug|Win32
		{683C3A82-1914-37F8-92E5-ECA21CFEF344}.Debug|x86.Build.0 = Debug|Win32
		{683C3A82-1914-37F8-92E5-ECA21CFEF344}.Release|x64.ActiveCfg = Release|x64
		{683C3A82-1914-37F8-92E5-ECA21CFEF344}.Release|x64.Build.0 = Release|x64
		{683C3A82-1914-37F8-92E5-ECA21CFEF344}.Release|Any CPU.ActiveCfg = Release|x64
		{683C3A82-1914-37F8-92E5-ECA21CFEF344}.Release|Any CPU.Build.0 = Release|x64
		{683C3A82-1914-37F8-92E5-ECA21CFEF344}.Release|x86.ActiveCfg = Release|Win32
		{683C3A82-1914-37F8-92E5-ECA21CFEF344}.Release|x86.Build.0 = Release|Win32
		{683C3A82-1914-37F8-92E5-ECA21CFEF344}.MinSizeRel|x64.ActiveCfg = MinSizeRel|x64
		{683C3A82-1914-37F8-92E5-ECA21CFEF344}.MinSizeRel|x64.Build.0 = MinSizeRel|x64
		{683C3A82-1914-37F8-92E5-ECA21CFEF344}.MinSizeRel|Any CPU.ActiveCfg = MinSizeRel|x64
		{683C3A82-1914-37F8-92E5-ECA21CFEF344}.MinSizeRel|Any CPU.Build.0 = MinSizeRel|x64
		{683C3A82-1914-37F8-92E5-ECA21CFEF344}.MinSizeRel|x86.ActiveCfg = MinSizeRel|Win32
		{683C3A82-1914-37F8-92E5-ECA21CFEF344}.MinSizeRel|x86.Build.0 = MinSizeRel|Win32
		{683C3A82-1914-37F8-92E5-ECA21CFEF344}.RelWithDebInfo|x64.ActiveCfg = RelWithDebInfo|x64
		{683C3A82-1914-37F8-92E5-ECA21CFEF344}.RelWithDebInfo|x64.Build.0 = RelWithDebInfo|x64
		{683C3A82-1914-37F8-92E5-ECA21CFEF344}.RelWithDebInfo|Any CPU.ActiveCfg = RelWithDebInfo|x64
		{683C3A82-1914-37F8-92E5-ECA21CFEF344}.RelWithDebInfo|Any CPU.Build.0 = RelWithDebInfo|x64
		{683C3A82-1914-37F8-92E5-ECA21CFEF344}.RelWithDebInfo|x86.ActiveCfg = RelWithDebInfo|Win32
		{683C3A82-1914-37F8-92E5-ECA21CFEF344}.RelWithDebInfo|x86.Build.0 = RelWithDebInfo|Win32
		{6B6F944A-141E-3A5C-B1CD-C73E0B48AD19}.Debug|x64.ActiveCfg = Debug|x64
		{6B6F944A-141E-3A5C-B1CD-C73E0B48AD19}.Debug|x64.Build.0 = Debug|x64
		{6B6F944A-141E-3A5C-B1CD-C73E0B48AD19}.Debug|Any CPU.ActiveCfg = Debug|x64
		{6B6F944A-141E-3A5C-B1CD-C73E0B48AD19}.Debug|Any CPU.Build.0 = Debug|x64
		{6B6F944A-141E-3A5C-B1CD-C73E0B48AD19}.Debug|x86.ActiveCfg = Debug|Win32
		{6B6F944A-141E-3A5C-B1CD-C73E0B48AD19}.Debug|x86.Build.0 = Debug|Win32
		{6B6F944A-141E-3A5C-B1CD-C73E0B48AD19}.Release|x64.ActiveCfg = Release|x64
		{6B6F944A-141E-3A5C-B1CD-C73E0B48AD19}.Release|x64.Build.0 = Release|x64
		{6B6F944A-141E-3A5C-B1CD-C73E0B48AD19}.Release|Any CPU.ActiveCfg = Release|x64
		{6B6F944A-141E-3A5C-B1CD-C73E0B48AD19}.Release|Any CPU.Build.0 = Release|x64
		{6B6F944A-141E-3A5C-B1CD-C73E0B48AD19}.Release|x86.ActiveCfg = Release|Win32
		{6B6F944A-141E-3A5C-B1CD-C73E0B48AD19}.Release|x86.Build.0 = Release|Win32
		{6B6F944A-141E-3A5C-B1CD-C73E0B48AD19}.MinSizeRel|x64.ActiveCfg = MinSizeRel|x64
		{6B6F944A-141E-3A5C-B1CD-C73E0B48AD19}.MinSizeRel|x64.Build.0 = MinSizeRel|x64
		{6B6F944A-141E-3A5C-B1CD-C73E0B48AD19}.MinSizeRel|Any CPU.ActiveCfg = MinSizeRel|x64
		{6B6F944A-141E-3A5C-B1CD-C73E0B48AD19}.MinSizeRel|Any CPU.Build.0 = MinSizeRel|x64
		{6B6F944A-141E-3A5C-B1CD-C73E0B48AD19}.MinSizeRel|x86.ActiveCfg = MinSizeRel|Win32
		{6B6F944A-141E-3A5C-B1CD-C73E0B48AD19}.MinSizeRel|x86.Build.0 = MinSizeRel|Win32
		{6B6F944A-141E-3A5C-B1CD-C73E0B48AD19}.RelWithDebInfo|x64.ActiveCfg = RelWithDebInfo|x64
		{6B6F944A-141E-3A5C-B1CD-C73E0B48AD19}.RelWithDebInfo|x64.Build.0 = RelWithDebInfo|x64
		{6B6F944A-141E-3A5C-B1CD-C73E0B48AD19}.RelWithDebInfo|Any CPU.ActiveCfg = RelWithDebInfo|x64
		{6B6F944A-141E-3A5C-B1CD-C73E0B48AD19}.RelWithDebInfo|Any CPU.Build.0 = RelWithDebInfo|x64
		{6B6F944A-141E-3A5C-B1CD-C73E0B48AD19}.RelWithDebInfo|x86.ActiveCfg = RelWithDebInfo|Win32
		{6B6F944A-141E-3A5C-B1CD-C73E0B48AD19}.RelWithDebInfo|x86.Build.0 = RelWithDebInfo|Win32
		{49CA836D-C6D8-320A-B981-1BC88C509F15}.Debug|x64.ActiveCfg = Debug|x64
		{49CA836D-C6D8-320A-B981-1BC88C509F15}.Debug|x64.Build.0 = Debug|x64
		{49CA836D-C6D8-320A-B981-1BC88C509F15}.Debug|Any CPU.ActiveCfg = Debug|x64
		{49CA836D-C6D8-320A-B981-1BC88C509F15}.Debug|Any CPU.Build.0 = Debug|x64
		{49CA836D-C6D8-320A-B981-1BC88C509F15}.Debug|x86.ActiveCfg = Debug|Win32
		{49CA836D-C6D8-320A-B981-1BC88C509F15}.Debug|x86.Build.0 = Debug|Win32
		{49CA836D-C6D8-320A-B981-1BC88C509F15}.Release|x64.ActiveCfg = Release|x64
		{49CA836D-C6D8-320A-B981-1BC88C509F15}.Release|x64.Build.0 = Release|x64
		{49CA836D-C6D8-320A-B981-1BC88C509F15}.Release|Any CPU.ActiveCfg = Release|x64
		{49CA836D-C6D8-320A-B981-1BC88C509F15}.Release|Any CPU.Build.0 = Release|x64
		{49CA836D-C6D8-320A-B981-1BC88C509F15}.Release|x86.ActiveCfg = Release|Win32
		{49CA836D-C6D8-320A-B981-1BC88C509F15}.Release|x86.Build.0 = Release|Win32
		{49CA836D-C6D8-320A-B981-1BC88C509F15}.MinSizeRel|x64.ActiveCfg = MinSizeRel|x64
		{49CA836D-C6D8-320A-B981-1BC88C509F15}.MinSizeRel|x64.Build.0 = MinSizeRel|x64
		{49CA836D-C6D8-320A-B981-1BC88C509F15}.MinSizeRel|Any CPU.ActiveCfg = MinSizeRel|x64
		{49CA836D-C6D8-320A-B981-1BC88C509F15}.MinSizeRel|Any CPU.Build.0 = MinSizeRel|x64
		{49CA836D-C6D8-320A-B981-1BC88C509F15}.MinSizeRel|x86.ActiveCfg = MinSizeRel|Win32
		{49CA836D-C6D8-320A-B981-1BC88C509F15}.MinSizeRel|x86.Build.0 = MinSizeRel|Win32
		{49CA836D-C6D8-320A-B981-1BC88C509F15}.RelWithDebInfo|x64.ActiveCfg = RelWithDebInfo|x64
		{49CA836D-C6D8-320A-B981-1BC88C509F15}.RelWithDebInfo|x64.Build.0 = RelWithDebInfo|x64
		{49CA836D-C6D8-320A-B981-1BC88C509F15}.RelWithDebInfo|Any CPU.ActiveCfg = RelWithDebInfo|x64
		{49CA836D-C6D8-320A-B981-1BC88C509F15}.RelWithDebInfo|Any CPU.Build.0 = RelWithDebInfo|x64
		{49CA836D-C6D8-320A-B981-1BC88C509F15}.RelWithDebInfo|x86.ActiveCfg = RelWithDebInfo|Win32
		{49CA836D-C6D8-320A-B981-1BC88C509F15}.RelWithDebInfo|x86.Build.0 = RelWithDebInfo|Win32
		{EAB0E694-9279-3B3B-8F85-5D48C0417E6C}.Debug|x64.ActiveCfg = Debug|x64
		{EAB0E694-9279-3B3B-8F85-5D48C0417E6C}.Debug|x64.Build.0 = Debug|x64
		{EAB0E694-9279-3B3B-8F85-5D48C0417E6C}.Debug|Any CPU.ActiveCfg = Debug|x64
		{EAB0E694-9279-3B3B-8F85-5D48C0417E6C}.Debug|Any CPU.Build.0 = Debug|x64
		{EAB0E694-9279-3B3B-8F85-5D48C0417E6C}.Debug|x86.ActiveCfg = Debug|Win32
		{EAB0E694-9279-3B3B-8F85-5D48C0417E6C}.Debug|x86.Build.0 = Debug|Win32
		{EAB0E694-9279-3B3B-8F85-5D48C0417E6C}.Release|x64.ActiveCfg = Release|x64
		{EAB0E694-9279-3B3B-8F85-5D48C0417E6C}.Release|x64.Build.0 = Release|x64
		{EAB0E694-9279-3B3B-8F85-5D48C0417E6C}.Release|Any CPU.ActiveCfg = Release|x64
		{EAB0E694-9279-3B3B-8F85-5D48C0417E6C}.Release|Any CPU.Build.0 = Release|x64
		{EAB0E694-9279-3B3B-8F85-5D48C0417E6C}.Release|x86.ActiveCfg = Release|Win32
		{EAB0E694-9279-3B3B-8F85-5D48C0417E6C}.Release|x86.Build.0 = Release|Win32
		{EAB0E694-9279-3B3B-8F85-5D48C0417E6C}.MinSizeRel|x64.ActiveCfg = MinSizeRel|x64
		{EAB0E694-9279-3B3B-8F85-5D48C0417E6C}.MinSizeRel|x64.Build.0 = MinSizeRel|x64
		{EAB0E694-9279-3B3B-8F85-5D48C0417E6C}.MinSizeRel|Any CPU.ActiveCfg = MinSizeRel|x64
		{EAB0E694-9279-3B3B-8F85-5D48C0417E6C}.MinSizeRel|Any CPU.Build.0 = MinSizeRel|x64
		{EAB0E694-9279-3B3B-8F85-5D48C0417E6C}.MinSizeRel|x86.ActiveCfg = MinSizeRel|Win32
		{EAB0E694-9279-3B3B-8F85-5D48C0417E6C}.MinSizeRel|x86.Build.0 = MinSizeRel|Win32
		{EAB0E694-9279-3B3B-8F85-5D48C0417E6C}.RelWithDebInfo|x64.ActiveCfg = RelWithDebInfo|x64
		{EAB0E694-9279-3B3B-8F85-5D48C0417E6C}.RelWithDebInfo|x64.Build.0 = RelWithDebInfo|x64
		{EAB0E694-9279-3B3B-8F85-5D48C0417E6C}.RelWithDebInfo|Any CPU.ActiveCfg = RelWithDebInfo|x64
		{EAB0E694-9279-3B3B-8F85-5D48C0417E6C}.RelWithDebInfo|Any CPU.Build.0 = RelWithDebInfo|x64
		{EAB0E694-9279-3B3B-8F85-5D48C0417E6C}.RelWithDebInfo|x86.ActiveCfg = RelWithDebInfo|Win32
		{EAB0E694-9279-3B3B-8F85-5D48C0417E6C}.RelWithDebInfo|x86.Build.0 = RelWithDebInfo|Win32
		{645C1FD1-EA97-3E39-9368-D4B67FA32399}.Debug|x64.ActiveCfg = Debug|x64
		{645C1FD1-EA97-3E39-9368-D4B67FA32399}.Debug|x64.Build.0 = Debug|x64
		{645C1FD1-EA97-3E39-9368-D4B67FA32399}.Debug|Any CPU.ActiveCfg = Debug|x64
		{645C1FD1-EA97-3E39-9368-D4B67FA32399}.Debug|Any CPU.Build.0 = Debug|x64
		{645C1FD1-EA97-3E39-9368-D4B67FA32399}.Debug|x86.ActiveCfg = Debug|Win32
		{645C1FD1-EA97-3E39-9368-D4B67FA32399}.Debug|x86.Build.0 = Debug|Win32
		{645C1FD1-EA97-3E39-9368-D4B67FA32399}.Release|x64.ActiveCfg = Release|x64
		{645C1FD1-EA97-3E39-9368-D4B67FA32399}.Release|x64.Build.0 = Release|x64
		{645C1FD1-EA97-3E39-9368-D4B67FA32399}.Release|Any CPU.ActiveCfg = Release|x64
		{645C1FD1-EA97-3E39-9368-D4B67FA32399}.Release|Any CPU.Build.0 = Release|x64
		{645C1FD1-EA97-3E39-9368-D4B67FA32399}.Release|x86.ActiveCfg = Release|Win32
		{645C1FD1-EA97-3E39-9368-D4B67FA32399}.Release|x86.Build.0 = Release|Win32
		{645C1FD1-EA97-3E39-9368-D4B67FA32399}.MinSizeRel|x64.ActiveCfg = MinSizeRel|x64
		{645C1FD1-EA97-3E39-9368-D4B67FA32399}.MinSizeRel|x64.Build.0 = MinSizeRel|x64
		{645C1FD1-EA97-3E39-9368-D4B67FA32399}.MinSizeRel|Any CPU.ActiveCfg = MinSizeRel|x64
		{645C1FD1-EA97-3E39-9368-D4B67FA32399}.MinSizeRel|Any CPU.Build.0 = MinSizeRel|x64
		{645C1FD1-EA97-3E39-9368-D4B67FA32399}.MinSizeRel|x86.ActiveCfg = MinSizeRel|Win32
		{645C1FD1-EA97-3E39-9368-D4B67FA32399}.MinSizeRel|x86.Build.0 = MinSizeRel|Win32
		{645C1FD1-EA97-3E39-9368-D4B67FA32399}.RelWithDebInfo|x64.ActiveCfg = RelWithDebInfo|x64
		{645C1FD1-EA97-3E39-9368-D4B67FA32399}.RelWithDebInfo|x64.Build.0 = RelWithDebInfo|x64
		{645C1FD1-EA97-3E39-9368-D4B67FA32399}.RelWithDebInfo|Any CPU.ActiveCfg = RelWithDebInfo|x64
		{645C1FD1-EA97-3E39-9368-D4B67FA32399}.RelWithDebInfo|Any CPU.Build.0 = RelWithDebInfo|x64
		{645C1FD1-EA97-3E39-9368-D4B67FA32399}.RelWithDebInfo|x86.ActiveCfg = RelWithDebInfo|Win32
		{645C1FD1-EA97-3E39-9368-D4B67FA32399}.RelWithDebInfo|x86.Build.0 = RelWithDebInfo|Win32
		{71FB7CE5-052E-3E37-9D75-8E293EB4676F}.Debug|x64.ActiveCfg = Debug|x64
		{71FB7CE5-052E-3E37-9D75-8E293EB4676F}.Debug|x64.Build.0 = Debug|x64
		{71FB7CE5-052E-3E37-9D75-8E293EB4676F}.Debug|Any CPU.ActiveCfg = Debug|x64
		{71FB7CE5-052E-3E37-9D75-8E293EB4676F}.Debug|Any CPU.Build.0 = Debug|x64
		{71FB7CE5-052E-3E37-9D75-8E293EB4676F}.Debug|x86.ActiveCfg = Debug|Win32
		{71FB7CE5-052E-3E37-9D75-8E293EB4676F}.Debug|x86.Build.0 = Debug|Win32
		{71FB7CE5-052E-3E37-9D75-8E293EB4676F}.Release|x64.ActiveCfg = Release|x64
		{71FB7CE5-052E-3E37-9D75-8E293EB4676F}.Release|x64.Build.0 = Release|x64
		{71FB7CE5-052E-3E37-9D75-8E293EB4676F}.Release|Any CPU.ActiveCfg = Release|x64
		{71FB7CE5-052E-3E37-9D75-8E293EB4676F}.Release|Any CPU.Build.0 = Release|x64
		{71FB7CE5-052E-3E37-9D75-8E293EB4676F}.Release|x86.ActiveCfg = Release|Win32
		{71FB7CE5-052E-3E37-9D75-8E293EB4676F}.Release|x86.Build.0 = Release|Win32
		{71FB7CE5-052E-3E37-9D75-8E293EB4676F}.MinSizeRel|x64.ActiveCfg = MinSizeRel|x64
		{71FB7CE5-052E-3E37-9D75-8E293EB4676F}.MinSizeRel|x64.Build.0 = MinSizeRel|x64
		{71FB7CE5-052E-3E37-9D75-8E293EB4676F}.MinSizeRel|Any CPU.ActiveCfg = MinSizeRel|x64
		{71FB7CE5-052E-3E37-9D75-8E293EB4676F}.MinSizeRel|Any CPU.Build.0 = MinSizeRel|x64
		{71FB7CE5-052E-3E37-9D75-8E293EB4676F}.MinSizeRel|x86.ActiveCfg = MinSizeRel|Win32
		{71FB7CE5-052E-3E37-9D75-8E293EB4676F}.MinSizeRel|x86.Build.0 = MinSizeRel|Win32
		{71FB7CE5-052E-3E37-9D75-8E293EB4676F}.RelWithDebInfo|x64.ActiveCfg = RelWithDebInfo|x64
		{71FB7CE5-052E-3E37-9D75-8E293EB4676F}.RelWithDebInfo|x64.Build.0 = RelWithDebInfo|x64
		{71FB7CE5-052E-3E37-9D75-8E293EB4676F}.RelWithDebInfo|Any CPU.ActiveCfg = RelWithDebInfo|x64
		{71FB7CE5-052E-3E37-9D75-8E293EB4676F}.RelWithDebInfo|Any CPU.Build.0 = RelWithDebInfo|x64
		{71FB7CE5-052E-3E37-9D75-8E293EB4676F}.RelWithDebInfo|x86.ActiveCfg = RelWithDebInfo|Win32
		{71FB7CE5-052E-3E37-9D75-8E293EB4676F}.RelWithDebInfo|x86.Build.0 = RelWithDebInfo|Win32
		{35DCFC1F-B975-3F1C-A45E-097B41DC2290}.Debug|x64.ActiveCfg = Debug|x64
		{35DCFC1F-B975-3F1C-A45E-097B41DC2290}.Debug|x64.Build.0 = Debug|x64
		{35DCFC1F-B975-3F1C-A45E-097B41DC2290}.Debug|Any CPU.ActiveCfg = Debug|x64
		{35DCFC1F-B975-3F1C-A45E-097B41DC2290}.Debug|Any CPU.Build.0 = Debug|x64
		{35DCFC1F-B975-3F1C-A45E-097B41DC2290}.Debug|x86.ActiveCfg = Debug|Win32
		{35DCFC1F-B975-3F1C-A45E-097B41DC2290}.Debug|x86.Build.0 = Debug|Win32
		{35DCFC1F-B975-3F1C-A45E-097B41DC2290}.Release|x64.ActiveCfg = Release|x64
		{35DCFC1F-B975-3F1C-A45E-097B41DC2290}.Release|x64.Build.0 = Release|x64
		{35DCFC1F-B975-3F1C-A45E-097B41DC2290}.Release|Any CPU.ActiveCfg = Release|x64
		{35DCFC1F-B975-3F1C-A45E-097B41DC2290}.Release|Any CPU.Build.0 = Release|x64
		{35DCFC1F-B975-3F1C-A45E-097B41DC2290}.Release|x86.ActiveCfg = Release|Win32
		{35DCFC1F-B975-3F1C-A45E-097B41DC2290}.Release|x86.Build.0 = Release|Win32
		{35DCFC1F-B975-3F1C-A45E-097B41DC2290}.MinSizeRel|x64.ActiveCfg = MinSizeRel|x64
		{35DCFC1F-B975-3F1C-A45E-097B41DC2290}.MinSizeRel|x64.Build.0 = MinSizeRel|x64
		{35DCFC1F-B975-3F1C-A45E-097B41DC2290}.MinSizeRel|Any CPU.ActiveCfg = MinSizeRel|x64
		{35DCFC1F-B975-3F1C-A45E-097B41DC2290}.MinSizeRel|Any CPU.Build.0 = MinSizeRel|x64
		{35DCFC1F-B975-3F1C-A45E-097B41DC2290}.MinSizeRel|x86.ActiveCfg = MinSizeRel|Win32
		{35DCFC1F-B975-3F1C-A45E-097B41DC2290}.MinSizeRel|x86.Build.0 = MinSizeRel|Win32
		{35DCFC1F-B975-3F1C-A45E-097B41DC2290}.RelWithDebInfo|x64.ActiveCfg = RelWithDebInfo|x64
		{35DCFC1F-B975-3F1C-A45E-097B41DC2290}.RelWithDebInfo|x64.Build.0 = RelWithDebInfo|x64
		{35DCFC1F-B975-3F1C-A45E-097B41DC2290}.RelWithDebInfo|Any CPU.ActiveCfg = RelWithDebInfo|x64
		{35DCFC1F-B975-3F1C-A45E-097B41DC2290}.RelWithDebInfo|Any CPU.Build.0 = RelWithDebInfo|x64
		{35DCFC1F-B975-3F1C-A45E-097B41DC2290}.RelWithDebInfo|x86.ActiveCfg = RelWithDebInfo|Win32
		{35DCFC1F-B975-3F1C-A45E-097B41DC2290}.RelWithDebInfo|x86.Build.0 = RelWithDebInfo|Win32
		{8F65D5EA-AFFA-3BCE-B990-65C87E4B4DAC}.Debug|x64.ActiveCfg = Debug|x64
		{8F65D5EA-AFFA-3BCE-B990-65C87E4B4DAC}.Debug|x64.Build.0 = Debug|x64
		{8F65D5EA-AFFA-3BCE-B990-65C87E4B4DAC}.Debug|Any CPU.ActiveCfg = Debug|x64
		{8F65D5EA-AFFA-3BCE-B990-65C87E4B4DAC}.Debug|Any CPU.Build.0 = Debug|x64
		{8F65D5EA-AFFA-3BCE-B990-65C87E4B4DAC}.Debug|x86.ActiveCfg = Debug|Win32
		{8F65D5EA-AFFA-3BCE-B990-65C87E4B4DAC}.Debug|x86.Build.0 = Debug|Win32
		{8F65D5EA-AFFA-3BCE-B990-65C87E4B4DAC}.Release|x64.ActiveCfg = Release|x64
		{8F65D5EA-AFFA-3BCE-B990-65C87E4B4DAC}.Release|x64.Build.0 = Release|x64
		{8F65D5EA-AFFA-3BCE-B990-65C87E4B4DAC}.Release|Any CPU.ActiveCfg = Release|x64
		{8F65D5EA-AFFA-3BCE-B990-65C87E4B4DAC}.Release|Any CPU.Build.0 = Release|x64
		{8F65D5EA-AFFA-3BCE-B990-65C87E4B4DAC}.Release|x86.ActiveCfg = Release|Win32
		{8F65D5EA-AFFA-3BCE-B990-65C87E4B4DAC}.Release|x86.Build.0 = Release|Win32
		{8F65D5EA-AFFA-3BCE-B990-65C87E4B4DAC}.MinSizeRel|x64.ActiveCfg = MinSizeRel|x64
		{8F65D5EA-AFFA-3BCE-B990-65C87E4B4DAC}.MinSizeRel|x64.Build.0 = MinSizeRel|x64
		{8F65D5EA-AFFA-3BCE-B990-65C87E4B4DAC}.MinSizeRel|Any CPU.ActiveCfg = MinSizeRel|x64
		{8F65D5EA-AFFA-3BCE-B990-65C87E4B4DAC}.MinSizeRel|Any CPU.Build.0 = MinSizeRel|x64
		{8F65D5EA-AFFA-3BCE-B990-65C87E4B4DAC}.MinSizeRel|x86.ActiveCfg = MinSizeRel|Win32
		{8F65D5EA-AFFA-3BCE-B990-65C87E4B4DAC}.MinSizeRel|x86.Build.0 = MinSizeRel|Win32
		{8F65D5EA-AFFA-3BCE-B990-65C87E4B4DAC}.RelWithDebInfo|x64.ActiveCfg = RelWithDebInfo|x64
		{8F65D5EA-AFFA-3BCE-B990-65C87E4B4DAC}.RelWithDebInfo|x64.Build.0 = RelWithDebInfo|x64
		{8F65D5EA-AFFA-3BCE-B990-65C87E4B4DAC}.RelWithDebInfo|Any CPU.ActiveCfg = RelWithDebInfo|x64
		{8F65D5EA-AFFA-3BCE-B990-65C87E4B4DAC}.RelWithDebInfo|Any CPU.Build.0 = RelWithDebInfo|x64
		{8F65D5EA-AFFA-3BCE-B990-65C87E4B4DAC}.RelWithDebInfo|x86.ActiveCfg = RelWithDebInfo|Win32
		{8F65D5EA-AFFA-3BCE-B990-65C87E4B4DAC}.RelWithDebInfo|x86.Build.0 = RelWithDebInfo|Win32
		{CE3DEAA5-5FF4-33C8-A922-4E814FB4C603}.Debug|x64.ActiveCfg = Debug|x64
		{CE3DEAA5-5FF4-33C8-A922-4E814FB4C603}.Debug|x64.Build.0 = Debug|x64
		{CE3DEAA5-5FF4-33C8-A922-4E814FB4C603}.Debug|Any CPU.ActiveCfg = Debug|x64
		{CE3DEAA5-5FF4-33C8-A922-4E814FB4C603}.Debug|Any CPU.Build.0 = Debug|x64
		{CE3DEAA5-5FF4-33C8-A922-4E814FB4C603}.Debug|x86.ActiveCfg = Debug|Win32
		{CE3DEAA5-5FF4-33C8-A922-4E814FB4C603}.Debug|x86.Build.0 = Debug|Win32
		{CE3DEAA5-5FF4-33C8-A922-4E814FB4C603}.Release|x64.ActiveCfg = Release|x64
		{CE3DEAA5-5FF4-33C8-A922-4E814FB4C603}.Release|x64.Build.0 = Release|x64
		{CE3DEAA5-5FF4-33C8-A922-4E814FB4C603}.Release|Any CPU.ActiveCfg = Release|x64
		{CE3DEAA5-5FF4-33C8-A922-4E814FB4C603}.Release|Any CPU.Build.0 = Release|x64
		{CE3DEAA5-5FF4-33C8-A922-4E814FB4C603}.Release|x86.ActiveCfg = Release|Win32
		{CE3DEAA5-5FF4-33C8-A922-4E814FB4C603}.Release|x86.Build.0 = Release|Win32
		{CE3DEAA5-5FF4-33C8-A922-4E814FB4C603}.MinSizeRel|x64.ActiveCfg = MinSizeRel|x64
		{CE3DEAA5-5FF4-33C8-A922-4E814FB4C603}.MinSizeRel|x64.Build.0 = MinSizeRel|x64
		{CE3DEAA5-5FF4-33C8-A922-4E814FB4C603}.MinSizeRel|Any CPU.ActiveCfg = MinSizeRel|x64
		{CE3DEAA5-5FF4-33C8-A922-4E814FB4C603}.MinSizeRel|Any CPU.Build.0 = MinSizeRel|x64
		{CE3DEAA5-5FF4-33C8-A922-4E814FB4C603}.MinSizeRel|x86.ActiveCfg = MinSizeRel|Win32
		{CE3DEAA5-5FF4-33C8-A922-4E814FB4C603}.MinSizeRel|x86.Build.0 = MinSizeRel|Win32
		{CE3DEAA5-5FF4-33C8-A922-4E814FB4C603}.RelWithDebInfo|x64.ActiveCfg = RelWithDebInfo|x64
		{CE3DEAA5-5FF4-33C8-A922-4E814FB4C603}.RelWithDebInfo|x64.Build.0 = RelWithDebInfo|x64
		{CE3DEAA5-5FF4-33C8-A922-4E814FB4C603}.RelWithDebInfo|Any CPU.ActiveCfg = RelWithDebInfo|x64
		{CE3DEAA5-5FF4-33C8-A922-4E814FB4C603}.RelWithDebInfo|Any CPU.Build.0 = RelWithDebInfo|x64
		{CE3DEAA5-5FF4-33C8-A922-4E814FB4C603}.RelWithDebInfo|x86.ActiveCfg = RelWithDebInfo|Win32
		{CE3DEAA5-5FF4-33C8-A922-4E814FB4C603}.RelWithDebInfo|x86.Build.0 = RelWithDebInfo|Win32
		{20F155E1-6F03-36D9-A619-8CA4686D9B44}.Debug|x64.ActiveCfg = Debug|x64
		{20F155E1-6F03-36D9-A619-8CA4686D9B44}.Debug|x64.Build.0 = Debug|x64
		{20F155E1-6F03-36D9-A619-8CA4686D9B44}.Debug|Any CPU.ActiveCfg = Debug|x64
		{20F155E1-6F03-36D9-A619-8CA4686D9B44}.Debug|Any CPU.Build.0 = Debug|x64
		{20F155E1-6F03-36D9-A619-8CA4686D9B44}.Debug|x86.ActiveCfg = Debug|Win32
		{20F155E1-6F03-36D9-A619-8CA4686D9B44}.Debug|x86.Build.0 = Debug|Win32
		{20F155E1-6F03-36D9-A619-8CA4686D9B44}.Release|x64.ActiveCfg = Release|x64
		{20F155E1-6F03-36D9-A619-8CA4686D9B44}.Release|x64.Build.0 = Release|x64
		{20F155E1-6F03-36D9-A619-8CA4686D9B44}.Release|Any CPU.ActiveCfg = Release|x64
		{20F155E1-6F03-36D9-A619-8CA4686D9B44}.Release|Any CPU.Build.0 = Release|x64
		{20F155E1-6F03-36D9-A619-8CA4686D9B44}.Release|x86.ActiveCfg = Release|Win32
		{20F155E1-6F03-36D9-A619-8CA4686D9B44}.Release|x86.Build.0 = Release|Win32
		{20F155E1-6F03-36D9-A619-8CA4686D9B44}.MinSizeRel|x64.ActiveCfg = MinSizeRel|x64
		{20F155E1-6F03-36D9-A619-8CA4686D9B44}.MinSizeRel|x64.Build.0 = MinSizeRel|x64
		{20F155E1-6F03-36D9-A619-8CA4686D9B44}.MinSizeRel|Any CPU.ActiveCfg = MinSizeRel|x64
		{20F155E1-6F03-36D9-A619-8CA4686D9B44}.MinSizeRel|Any CPU.Build.0 = MinSizeRel|x64
		{20F155E1-6F03-36D9-A619-8CA4686D9B44}.MinSizeRel|x86.ActiveCfg = MinSizeRel|Win32
		{20F155E1-6F03-36D9-A619-8CA4686D9B44}.MinSizeRel|x86.Build.0 = MinSizeRel|Win32
		{20F155E1-6F03-36D9-A619-8CA4686D9B44}.RelWithDebInfo|x64.ActiveCfg = RelWithDebInfo|x64
		{20F155E1-6F03-36D9-A619-8CA4686D9B44}.RelWithDebInfo|x64.Build.0 = RelWithDebInfo|x64
		{20F155E1-6F03-36D9-A619-8CA4686D9B44}.RelWithDebInfo|Any CPU.ActiveCfg = RelWithDebInfo|x64
		{20F155E1-6F03-36D9-A619-8CA4686D9B44}.RelWithDebInfo|Any CPU.Build.0 = RelWithDebInfo|x64
		{20F155E1-6F03-36D9-A619-8CA4686D9B44}.RelWithDebInfo|x86.ActiveCfg = RelWithDebInfo|Win32
		{20F155E1-6F03-36D9-A619-8CA4686D9B44}.RelWithDebInfo|x86.Build.0 = RelWithDebInfo|Win32
		{B64D71E0-AB88-3BEF-8F84-CA31C18226B7}.Debug|x64.ActiveCfg = Debug|x64
		{B64D71E0-AB88-3BEF-8F84-CA31C18226B7}.Debug|x64.Build.0 = Debug|x64
		{B64D71E0-AB88-3BEF-8F84-CA31C18226B7}.Debug|Any CPU.ActiveCfg = Debug|x64
		{B64D71E0-AB88-3BEF-8F84-CA31C18226B7}.Debug|Any CPU.Build.0 = Debug|x64
		{B64D71E0-AB88-3BEF-8F84-CA31C18226B7}.Debug|x86.ActiveCfg = Debug|Win32
		{B64D71E0-AB88-3BEF-8F84-CA31C18226B7}.Debug|x86.Build.0 = Debug|Win32
		{B64D71E0-AB88-3BEF-8F84-CA31C18226B7}.Release|x64.ActiveCfg = Release|x64
		{B64D71E0-AB88-3BEF-8F84-CA31C18226B7}.Release|x64.Build.0 = Release|x64
		{B64D71E0-AB88-3BEF-8F84-CA31C18226B7}.Release|Any CPU.ActiveCfg = Release|x64
		{B64D71E0-AB88-3BEF-8F84-CA31C18226B7}.Release|Any CPU.Build.0 = Release|x64
		{B64D71E0-AB88-3BEF-8F84-CA31C18226B7}.Release|x86.ActiveCfg = Release|Win32
		{B64D71E0-AB88-3BEF-8F84-CA31C18226B7}.Release|x86.Build.0 = Release|Win32
		{B64D71E0-AB88-3BEF-8F84-CA31C18226B7}.MinSizeRel|x64.ActiveCfg = MinSizeRel|x64
		{B64D71E0-AB88-3BEF-8F84-CA31C18226B7}.MinSizeRel|x64.Build.0 = MinSizeRel|x64
		{B64D71E0-AB88-3BEF-8F84-CA31C18226B7}.MinSizeRel|Any CPU.ActiveCfg = MinSizeRel|x64
		{B64D71E0-AB88-3BEF-8F84-CA31C18226B7}.MinSizeRel|Any CPU.Build.0 = MinSizeRel|x64
		{B64D71E0-AB88-3BEF-8F84-CA31C18226B7}.MinSizeRel|x86.ActiveCfg = MinSizeRel|Win32
		{B64D71E0-AB88-3BEF-8F84-CA31C18226B7}.MinSizeRel|x86.Build.0 = MinSizeRel|Win32
		{B64D71E0-AB88-3BEF-8F84-CA31C18226B7}.RelWithDebInfo|x64.ActiveCfg = RelWithDebInfo|x64
		{B64D71E0-AB88-3BEF-8F84-CA31C18226B7}.RelWithDebInfo|x64.Build.0 = RelWithDebInfo|x64
		{B64D71E0-AB88-3BEF-8F84-CA31C18226B7}.RelWithDebInfo|Any CPU.ActiveCfg = RelWithDebInfo|x64
		{B64D71E0-AB88-3BEF-8F84-CA31C18226B7}.RelWithDebInfo|Any CPU.Build.0 = RelWithDebInfo|x64
		{B64D71E0-AB88-3BEF-8F84-CA31C18226B7}.RelWithDebInfo|x86.ActiveCfg = RelWithDebInfo|Win32
		{B64D71E0-AB88-3BEF-8F84-CA31C18226B7}.RelWithDebInfo|x86.Build.0 = RelWithDebInfo|Win32
		{04A351AD-C603-3439-BB4F-202CFFAD7A2D}.Debug|x64.ActiveCfg = Debug|x64
		{04A351AD-C603-3439-BB4F-202CFFAD7A2D}.Debug|x64.Build.0 = Debug|x64
		{04A351AD-C603-3439-BB4F-202CFFAD7A2D}.Debug|Any CPU.ActiveCfg = Debug|x64
		{04A351AD-C603-3439-BB4F-202CFFAD7A2D}.Debug|Any CPU.Build.0 = Debug|x64
		{04A351AD-C603-3439-BB4F-202CFFAD7A2D}.Debug|x86.ActiveCfg = Debug|Win32
		{04A351AD-C603-3439-BB4F-202CFFAD7A2D}.Debug|x86.Build.0 = Debug|Win32
		{04A351AD-C603-3439-BB4F-202CFFAD7A2D}.Release|x64.ActiveCfg = Release|x64
		{04A351AD-C603-3439-BB4F-202CFFAD7A2D}.Release|x64.Build.0 = Release|x64
		{04A351AD-C603-3439-BB4F-202CFFAD7A2D}.Release|Any CPU.ActiveCfg = Release|x64
		{04A351AD-C603-3439-BB4F-202CFFAD7A2D}.Release|Any CPU.Build.0 = Release|x64
		{04A351AD-C603-3439-BB4F-202CFFAD7A2D}.Release|x86.ActiveCfg = Release|Win32
		{04A351AD-C603-3439-BB4F-202CFFAD7A2D}.Release|x86.Build.0 = Release|Win32
		{04A351AD-C603-3439-BB4F-202CFFAD7A2D}.MinSizeRel|x64.ActiveCfg = MinSizeRel|x64
		{04A351AD-C603-3439-BB4F-202CFFAD7A2D}.MinSizeRel|x64.Build.0 = MinSizeRel|x64
		{04A351AD-C603-3439-BB4F-202CFFAD7A2D}.MinSizeRel|Any CPU.ActiveCfg = MinSizeRel|x64
		{04A351AD-C603-3439-BB4F-202CFFAD7A2D}.MinSizeRel|Any CPU.Build.0 = MinSizeRel|x64
		{04A351AD-C603-3439-BB4F-202CFFAD7A2D}.MinSizeRel|x86.ActiveCfg = MinSizeRel|Win32
		{04A351AD-C603-3439-BB4F-202CFFAD7A2D}.MinSizeRel|x86.Build.0 = MinSizeRel|Win32
		{04A351AD-C603-3439-BB4F-202CFFAD7A2D}.RelWithDebInfo|x64.ActiveCfg = RelWithDebInfo|x64
		{04A351AD-C603-3439-BB4F-202CFFAD7A2D}.RelWithDebInfo|x64.Build.0 = RelWithDebInfo|x64
		{04A351AD-C603-3439-BB4F-202CFFAD7A2D}.RelWithDebInfo|Any CPU.ActiveCfg = RelWithDebInfo|x64
		{04A351AD-C603-3439-BB4F-202CFFAD7A2D}.RelWithDebInfo|Any CPU.Build.0 = RelWithDebInfo|x64
		{04A351AD-C603-3439-BB4F-202CFFAD7A2D}.RelWithDebInfo|x86.ActiveCfg = RelWithDebInfo|Win32
		{04A351AD-C603-3439-BB4F-202CFFAD7A2D}.RelWithDebInfo|x86.Build.0 = RelWithDebInfo|Win32
		{0E83CB9C-3EEB-39F1-873C-1D1B104FD461}.Debug|x64.ActiveCfg = Debug|x64
		{0E83CB9C-3EEB-39F1-873C-1D1B104FD461}.Debug|x64.Build.0 = Debug|x64
		{0E83CB9C-3EEB-39F1-873C-1D1B104FD461}.Debug|Any CPU.ActiveCfg = Debug|x64
		{0E83CB9C-3EEB-39F1-873C-1D1B104FD461}.Debug|Any CPU.Build.0 = Debug|x64
		{0E83CB9C-3EEB-39F1-873C-1D1B104FD461}.Debug|x86.ActiveCfg = Debug|Win32
		{0E83CB9C-3EEB-39F1-873C-1D1B104FD461}.Debug|x86.Build.0 = Debug|Win32
		{0E83CB9C-3EEB-39F1-873C-1D1B104FD461}.Release|x64.ActiveCfg = Release|x64
		{0E83CB9C-3EEB-39F1-873C-1D1B104FD461}.Release|x64.Build.0 = Release|x64
		{0E83CB9C-3EEB-39F1-873C-1D1B104FD461}.Release|Any CPU.ActiveCfg = Release|x64
		{0E83CB9C-3EEB-39F1-873C-1D1B104FD461}.Release|Any CPU.Build.0 = Release|x64
		{0E83CB9C-3EEB-39F1-873C-1D1B104FD461}.Release|x86.ActiveCfg = Release|Win32
		{0E83CB9C-3EEB-39F1-873C-1D1B104FD461}.Release|x86.Build.0 = Release|Win32
		{0E83CB9C-3EEB-39F1-873C-1D1B104FD461}.MinSizeRel|x64.ActiveCfg = MinSizeRel|x64
		{0E83CB9C-3EEB-39F1-873C-1D1B104FD461}.MinSizeRel|x64.Build.0 = MinSizeRel|x64
		{0E83CB9C-3EEB-39F1-873C-1D1B104FD461}.MinSizeRel|Any CPU.ActiveCfg = MinSizeRel|x64
		{0E83CB9C-3EEB-39F1-873C-1D1B104FD461}.MinSizeRel|Any CPU.Build.0 = MinSizeRel|x64
		{0E83CB9C-3EEB-39F1-873C-1D1B104FD461}.MinSizeRel|x86.ActiveCfg = MinSizeRel|Win32
		{0E83CB9C-3EEB-39F1-873C-1D1B104FD461}.MinSizeRel|x86.Build.0 = MinSizeRel|Win32
		{0E83CB9C-3EEB-39F1-873C-1D1B104FD461}.RelWithDebInfo|x64.ActiveCfg = RelWithDebInfo|x64
		{0E83CB9C-3EEB-39F1-873C-1D1B104FD461}.RelWithDebInfo|x64.Build.0 = RelWithDebInfo|x64
		{0E83CB9C-3EEB-39F1-873C-1D1B104FD461}.RelWithDebInfo|Any CPU.ActiveCfg = RelWithDebInfo|x64
		{0E83CB9C-3EEB-39F1-873C-1D1B104FD461}.RelWithDebInfo|Any CPU.Build.0 = RelWithDebInfo|x64
		{0E83CB9C-3EEB-39F1-873C-1D1B104FD461}.RelWithDebInfo|x86.ActiveCfg = RelWithDebInfo|Win32
		{0E83CB9C-3EEB-39F1-873C-1D1B104FD461}.RelWithDebInfo|x86.Build.0 = RelWithDebInfo|Win32
		{8536048D-9926-4F59-B825-8D54A596B548}.Debug|x64.ActiveCfg = Debug|Any CPU
		{8536048D-9926-4F59-B825-8D54A596B548}.Debug|x64.Build.0 = Debug|Any CPU
		{8536048D-9926-4F59-B825-8D54A596B548}.Debug|Any CPU.ActiveCfg = Debug|Any CPU
		{8536048D-9926-4F59-B825-8D54A596B548}.Debug|Any CPU.Build.0 = Debug|Any CPU
		{8536048D-9926-4F59-B825-8D54A596B548}.Debug|x86.ActiveCfg = Debug|Any CPU
		{8536048D-9926-4F59-B825-8D54A596B548}.Debug|x86.Build.0 = Debug|Any CPU
		{8536048D-9926-4F59-B825-8D54A596B548}.Release|x64.ActiveCfg = Release|Any CPU
		{8536048D-9926-4F59-B825-8D54A596B548}.Release|x64.Build.0 = Release|Any CPU
		{8536048D-9926-4F59-B825-8D54A596B548}.Release|Any CPU.ActiveCfg = Release|Any CPU
		{8536048D-9926-4F59-B825-8D54A596B548}.Release|Any CPU.Build.0 = Release|Any CPU
		{8536048D-9926-4F59-B825-8D54A596B548}.Release|x86.ActiveCfg = Release|Any CPU
		{8536048D-9926-4F59-B825-8D54A596B548}.Release|x86.Build.0 = Release|Any CPU
		{8536048D-9926-4F59-B825-8D54A596B548}.MinSizeRel|x64.ActiveCfg = Debug|Any CPU
		{8536048D-9926-4F59-B825-8D54A596B548}.MinSizeRel|x64.Build.0 = Debug|Any CPU
		{8536048D-9926-4F59-B825-8D54A596B548}.MinSizeRel|Any CPU.ActiveCfg = Debug|Any CPU
		{8536048D-9926-4F59-B825-8D54A596B548}.MinSizeRel|Any CPU.Build.0 = Debug|Any CPU
		{8536048D-9926-4F59-B825-8D54A596B548}.MinSizeRel|x86.ActiveCfg = Debug|Any CPU
		{8536048D-9926-4F59-B825-8D54A596B548}.MinSizeRel|x86.Build.0 = Debug|Any CPU
		{8536048D-9926-4F59-B825-8D54A596B548}.RelWithDebInfo|x64.ActiveCfg = Debug|Any CPU
		{8536048D-9926-4F59-B825-8D54A596B548}.RelWithDebInfo|x64.Build.0 = Debug|Any CPU
		{8536048D-9926-4F59-B825-8D54A596B548}.RelWithDebInfo|Any CPU.ActiveCfg = Debug|Any CPU
		{8536048D-9926-4F59-B825-8D54A596B548}.RelWithDebInfo|Any CPU.Build.0 = Debug|Any CPU
		{8536048D-9926-4F59-B825-8D54A596B548}.RelWithDebInfo|x86.ActiveCfg = Debug|Any CPU
		{8536048D-9926-4F59-B825-8D54A596B548}.RelWithDebInfo|x86.Build.0 = Debug|Any CPU
	EndGlobalSection
	GlobalSection(SolutionProperties) = preSolution
		HideSolutionNode = FALSE
	EndGlobalSection
	GlobalSection(ExtensibilityGlobals) = postSolution
		SolutionGuid = {64707F99-E746-3578-80FD-1D6BCC55EC10}
	EndGlobalSection
EndGlobal
