<?xml version="1.0" encoding="utf-8"?>
<Project ToolsVersion="17.0" xmlns="http://schemas.microsoft.com/developer/msbuild/2003">
  <ItemGroup>
    <ClCompile Include="E:\Projects\iofish3\code\game\g_main.c">
      <Filter>Source Files</Filter>
    </ClCompile>
    <ClCompile Include="E:\Projects\iofish3\code\game\ai_chat.c">
      <Filter>Source Files</Filter>
    </ClCompile>
    <ClCompile Include="E:\Projects\iofish3\code\game\ai_cmd.c">
      <Filter>Source Files</Filter>
    </ClCompile>
    <ClCompile Include="E:\Projects\iofish3\code\game\ai_dmnet.c">
      <Filter>Source Files</Filter>
    </ClCompile>
    <ClCompile Include="E:\Projects\iofish3\code\game\ai_dmq3.c">
      <Filter>Source Files</Filter>
    </ClCompile>
    <ClCompile Include="E:\Projects\iofish3\code\game\ai_main.c">
      <Filter>Source Files</Filter>
    </ClCompile>
    <ClCompile Include="E:\Projects\iofish3\code\game\ai_team.c">
      <Filter>Source Files</Filter>
    </ClCompile>
    <ClCompile Include="E:\Projects\iofish3\code\game\ai_vcmd.c">
      <Filter>Source Files</Filter>
    </ClCompile>
    <ClCompile Include="E:\Projects\iofish3\code\game\bg_misc.c">
      <Filter>Source Files</Filter>
    </ClCompile>
    <ClCompile Include="E:\Projects\iofish3\code\game\bg_pmove.c">
      <Filter>Source Files</Filter>
    </ClCompile>
    <ClCompile Include="E:\Projects\iofish3\code\game\bg_slidemove.c">
      <Filter>Source Files</Filter>
    </ClCompile>
    <ClCompile Include="E:\Projects\iofish3\code\game\bg_lib.c">
      <Filter>Source Files</Filter>
    </ClCompile>
    <ClCompile Include="E:\Projects\iofish3\code\game\g_active.c">
      <Filter>Source Files</Filter>
    </ClCompile>
    <ClCompile Include="E:\Projects\iofish3\code\game\g_arenas.c">
      <Filter>Source Files</Filter>
    </ClCompile>
    <ClCompile Include="E:\Projects\iofish3\code\game\g_bot.c">
      <Filter>Source Files</Filter>
    </ClCompile>
    <ClCompile Include="E:\Projects\iofish3\code\game\g_client.c">
      <Filter>Source Files</Filter>
    </ClCompile>
    <ClCompile Include="E:\Projects\iofish3\code\game\g_cmds.c">
      <Filter>Source Files</Filter>
    </ClCompile>
    <ClCompile Include="E:\Projects\iofish3\code\game\g_combat.c">
      <Filter>Source Files</Filter>
    </ClCompile>
    <ClCompile Include="E:\Projects\iofish3\code\game\g_items.c">
      <Filter>Source Files</Filter>
    </ClCompile>
    <ClCompile Include="E:\Projects\iofish3\code\game\g_mem.c">
      <Filter>Source Files</Filter>
    </ClCompile>
    <ClCompile Include="E:\Projects\iofish3\code\game\g_misc.c">
      <Filter>Source Files</Filter>
    </ClCompile>
    <ClCompile Include="E:\Projects\iofish3\code\game\g_missile.c">
      <Filter>Source Files</Filter>
    </ClCompile>
    <ClCompile Include="E:\Projects\iofish3\code\game\g_mover.c">
      <Filter>Source Files</Filter>
    </ClCompile>
    <ClCompile Include="E:\Projects\iofish3\code\game\g_session.c">
      <Filter>Source Files</Filter>
    </ClCompile>
    <ClCompile Include="E:\Projects\iofish3\code\game\g_spawn.c">
      <Filter>Source Files</Filter>
    </ClCompile>
    <ClCompile Include="E:\Projects\iofish3\code\game\g_svcmds.c">
      <Filter>Source Files</Filter>
    </ClCompile>
    <ClCompile Include="E:\Projects\iofish3\code\game\g_target.c">
      <Filter>Source Files</Filter>
    </ClCompile>
    <ClCompile Include="E:\Projects\iofish3\code\game\g_team.c">
      <Filter>Source Files</Filter>
    </ClCompile>
    <ClCompile Include="E:\Projects\iofish3\code\game\g_trigger.c">
      <Filter>Source Files</Filter>
    </ClCompile>
    <ClCompile Include="E:\Projects\iofish3\code\game\g_utils.c">
      <Filter>Source Files</Filter>
    </ClCompile>
    <ClCompile Include="E:\Projects\iofish3\code\game\g_weapon.c">
      <Filter>Source Files</Filter>
    </ClCompile>
    <ClCompile Include="E:\Projects\iofish3\code\qcommon\q_math.c">
      <Filter>Source Files</Filter>
    </ClCompile>
    <ClCompile Include="E:\Projects\iofish3\code\qcommon\q_shared.c">
      <Filter>Source Files</Filter>
    </ClCompile>
    <ClCompile Include="E:\Projects\iofish3\code\game\g_syscalls.c">
      <Filter>Source Files</Filter>
    </ClCompile>
  </ItemGroup>
  <ItemGroup>
    <CustomBuild Include="E:\Projects\iofish3\CMakeLists.txt" />
  </ItemGroup>
  <ItemGroup>
    <Filter Include="Source Files">
      <UniqueIdentifier>{466BAB17-4599-3177-82B8-600B1EC257FA}</UniqueIdentifier>
    </Filter>
  </ItemGroup>
</Project>
