<?xml version="1.0" encoding="utf-8"?>
<Project ToolsVersion="17.0" xmlns="http://schemas.microsoft.com/developer/msbuild/2003">
  <ItemGroup>
    <ClCompile Include="E:\Projects\iofish3\code\tools\lcc\cpp\cpp.c">
      <Filter>Source Files</Filter>
    </ClCompile>
    <ClCompile Include="E:\Projects\iofish3\code\tools\lcc\cpp\lex.c">
      <Filter>Source Files</Filter>
    </ClCompile>
    <ClCompile Include="E:\Projects\iofish3\code\tools\lcc\cpp\nlist.c">
      <Filter>Source Files</Filter>
    </ClCompile>
    <ClCompile Include="E:\Projects\iofish3\code\tools\lcc\cpp\tokens.c">
      <Filter>Source Files</Filter>
    </ClCompile>
    <ClCompile Include="E:\Projects\iofish3\code\tools\lcc\cpp\macro.c">
      <Filter>Source Files</Filter>
    </ClCompile>
    <ClCompile Include="E:\Projects\iofish3\code\tools\lcc\cpp\eval.c">
      <Filter>Source Files</Filter>
    </ClCompile>
    <ClCompile Include="E:\Projects\iofish3\code\tools\lcc\cpp\include.c">
      <Filter>Source Files</Filter>
    </ClCompile>
    <ClCompile Include="E:\Projects\iofish3\code\tools\lcc\cpp\hideset.c">
      <Filter>Source Files</Filter>
    </ClCompile>
    <ClCompile Include="E:\Projects\iofish3\code\tools\lcc\cpp\getopt.c">
      <Filter>Source Files</Filter>
    </ClCompile>
    <ClCompile Include="E:\Projects\iofish3\code\tools\lcc\cpp\unix.c">
      <Filter>Source Files</Filter>
    </ClCompile>
  </ItemGroup>
  <ItemGroup>
    <CustomBuild Include="E:\Projects\iofish3\cmake\tools\CMakeLists.txt" />
  </ItemGroup>
  <ItemGroup>
    <Filter Include="Source Files">
      <UniqueIdentifier>{826C9B26-B0E9-37D4-92F9-5350E26A188F}</UniqueIdentifier>
    </Filter>
  </ItemGroup>
</Project>
