
Microsoft Visual Studio Solution File, Format Version 12.00
# Visual Studio Version 17
Project("{8BC9CEB8-8B4A-11D0-8D11-00A0C91BC942}") = "ALL_BUILD", "ALL_BUILD.vcxproj", "{9B61AE86-2DD6-3278-B3D6-C4DA79FE0DCF}"
	ProjectSection(ProjectDependencies) = postProject
		{6FFC4032-E574-3870-BC75-5FDD065FDD09} = {6FFC4032-E574-3870-BC75-5FDD065FDD09}
		{3D5B1224-4D45-3484-9671-CFDA4A572F64} = {3D5B1224-4D45-3484-9671-CFDA4A572F64}
		{F0390030-9BF0-3059-95D7-1681B515CA87} = {F0390030-9BF0-3059-95D7-1681B515CA87}
		{2563F3A9-17CC-3A3F-9252-34FA6C25EE00} = {2563F3A9-17CC-3A3F-9252-34FA6C25EE00}
		{90692AC6-8750-3AF4-A2B0-A34E75B26610} = {90692AC6-8750-3AF4-A2B0-A34E75B26610}
		{C771599E-4B15-3A5C-92DB-6120838FDEC8} = {C771599E-4B15-3A5C-92DB-6120838FDEC8}
	EndProjectSection
EndProject
Project("{8BC9CEB8-8B4A-11D0-8D11-00A0C91BC942}") = "ZERO_CHECK", "ZERO_CHECK.vcxproj", "{6FFC4032-E574-3870-BC75-5FDD065FDD09}"
	ProjectSection(ProjectDependencies) = postProject
	EndProjectSection
EndProject
Project("{8BC9CEB8-8B4A-11D0-8D11-00A0C91BC942}") = "lburg", "lburg.vcxproj", "{3D5B1224-4D45-3484-9671-CFDA4A572F64}"
	ProjectSection(ProjectDependencies) = postProject
		{6FFC4032-E574-3870-BC75-5FDD065FDD09} = {6FFC4032-E574-3870-BC75-5FDD065FDD09}
	EndProjectSection
EndProject
Project("{8BC9CEB8-8B4A-11D0-8D11-00A0C91BC942}") = "q3asm", "q3asm.vcxproj", "{F0390030-9BF0-3059-95D7-1681B515CA87}"
	ProjectSection(ProjectDependencies) = postProject
		{6FFC4032-E574-3870-BC75-5FDD065FDD09} = {6FFC4032-E574-3870-BC75-5FDD065FDD09}
	EndProjectSection
EndProject
Project("{8BC9CEB8-8B4A-11D0-8D11-00A0C91BC942}") = "q3cpp", "q3cpp.vcxproj", "{2563F3A9-17CC-3A3F-9252-34FA6C25EE00}"
	ProjectSection(ProjectDependencies) = postProject
		{6FFC4032-E574-3870-BC75-5FDD065FDD09} = {6FFC4032-E574-3870-BC75-5FDD065FDD09}
	EndProjectSection
EndProject
Project("{8BC9CEB8-8B4A-11D0-8D11-00A0C91BC942}") = "q3lcc", "q3lcc.vcxproj", "{90692AC6-8750-3AF4-A2B0-A34E75B26610}"
	ProjectSection(ProjectDependencies) = postProject
		{6FFC4032-E574-3870-BC75-5FDD065FDD09} = {6FFC4032-E574-3870-BC75-5FDD065FDD09}
		{2563F3A9-17CC-3A3F-9252-34FA6C25EE00} = {2563F3A9-17CC-3A3F-9252-34FA6C25EE00}
		{C771599E-4B15-3A5C-92DB-6120838FDEC8} = {C771599E-4B15-3A5C-92DB-6120838FDEC8}
	EndProjectSection
EndProject
Project("{8BC9CEB8-8B4A-11D0-8D11-00A0C91BC942}") = "q3rcc", "q3rcc.vcxproj", "{C771599E-4B15-3A5C-92DB-6120838FDEC8}"
	ProjectSection(ProjectDependencies) = postProject
		{6FFC4032-E574-3870-BC75-5FDD065FDD09} = {6FFC4032-E574-3870-BC75-5FDD065FDD09}
		{3D5B1224-4D45-3484-9671-CFDA4A572F64} = {3D5B1224-4D45-3484-9671-CFDA4A572F64}
	EndProjectSection
EndProject
Global
	GlobalSection(SolutionConfigurationPlatforms) = preSolution
		Debug|x64 = Debug|x64
		Release|x64 = Release|x64
		MinSizeRel|x64 = MinSizeRel|x64
		RelWithDebInfo|x64 = RelWithDebInfo|x64
	EndGlobalSection
	GlobalSection(ProjectConfigurationPlatforms) = postSolution
		{9B61AE86-2DD6-3278-B3D6-C4DA79FE0DCF}.Debug|x64.ActiveCfg = Debug|x64
		{9B61AE86-2DD6-3278-B3D6-C4DA79FE0DCF}.Release|x64.ActiveCfg = Release|x64
		{9B61AE86-2DD6-3278-B3D6-C4DA79FE0DCF}.MinSizeRel|x64.ActiveCfg = MinSizeRel|x64
		{9B61AE86-2DD6-3278-B3D6-C4DA79FE0DCF}.RelWithDebInfo|x64.ActiveCfg = RelWithDebInfo|x64
		{6FFC4032-E574-3870-BC75-5FDD065FDD09}.Debug|x64.ActiveCfg = Debug|x64
		{6FFC4032-E574-3870-BC75-5FDD065FDD09}.Debug|x64.Build.0 = Debug|x64
		{6FFC4032-E574-3870-BC75-5FDD065FDD09}.Release|x64.ActiveCfg = Release|x64
		{6FFC4032-E574-3870-BC75-5FDD065FDD09}.Release|x64.Build.0 = Release|x64
		{6FFC4032-E574-3870-BC75-5FDD065FDD09}.MinSizeRel|x64.ActiveCfg = MinSizeRel|x64
		{6FFC4032-E574-3870-BC75-5FDD065FDD09}.MinSizeRel|x64.Build.0 = MinSizeRel|x64
		{6FFC4032-E574-3870-BC75-5FDD065FDD09}.RelWithDebInfo|x64.ActiveCfg = RelWithDebInfo|x64
		{6FFC4032-E574-3870-BC75-5FDD065FDD09}.RelWithDebInfo|x64.Build.0 = RelWithDebInfo|x64
		{3D5B1224-4D45-3484-9671-CFDA4A572F64}.Debug|x64.ActiveCfg = Debug|x64
		{3D5B1224-4D45-3484-9671-CFDA4A572F64}.Debug|x64.Build.0 = Debug|x64
		{3D5B1224-4D45-3484-9671-CFDA4A572F64}.Release|x64.ActiveCfg = Release|x64
		{3D5B1224-4D45-3484-9671-CFDA4A572F64}.Release|x64.Build.0 = Release|x64
		{3D5B1224-4D45-3484-9671-CFDA4A572F64}.MinSizeRel|x64.ActiveCfg = MinSizeRel|x64
		{3D5B1224-4D45-3484-9671-CFDA4A572F64}.MinSizeRel|x64.Build.0 = MinSizeRel|x64
		{3D5B1224-4D45-3484-9671-CFDA4A572F64}.RelWithDebInfo|x64.ActiveCfg = RelWithDebInfo|x64
		{3D5B1224-4D45-3484-9671-CFDA4A572F64}.RelWithDebInfo|x64.Build.0 = RelWithDebInfo|x64
		{F0390030-9BF0-3059-95D7-1681B515CA87}.Debug|x64.ActiveCfg = Debug|x64
		{F0390030-9BF0-3059-95D7-1681B515CA87}.Debug|x64.Build.0 = Debug|x64
		{F0390030-9BF0-3059-95D7-1681B515CA87}.Release|x64.ActiveCfg = Release|x64
		{F0390030-9BF0-3059-95D7-1681B515CA87}.Release|x64.Build.0 = Release|x64
		{F0390030-9BF0-3059-95D7-1681B515CA87}.MinSizeRel|x64.ActiveCfg = MinSizeRel|x64
		{F0390030-9BF0-3059-95D7-1681B515CA87}.MinSizeRel|x64.Build.0 = MinSizeRel|x64
		{F0390030-9BF0-3059-95D7-1681B515CA87}.RelWithDebInfo|x64.ActiveCfg = RelWithDebInfo|x64
		{F0390030-9BF0-3059-95D7-1681B515CA87}.RelWithDebInfo|x64.Build.0 = RelWithDebInfo|x64
		{2563F3A9-17CC-3A3F-9252-34FA6C25EE00}.Debug|x64.ActiveCfg = Debug|x64
		{2563F3A9-17CC-3A3F-9252-34FA6C25EE00}.Debug|x64.Build.0 = Debug|x64
		{2563F3A9-17CC-3A3F-9252-34FA6C25EE00}.Release|x64.ActiveCfg = Release|x64
		{2563F3A9-17CC-3A3F-9252-34FA6C25EE00}.Release|x64.Build.0 = Release|x64
		{2563F3A9-17CC-3A3F-9252-34FA6C25EE00}.MinSizeRel|x64.ActiveCfg = MinSizeRel|x64
		{2563F3A9-17CC-3A3F-9252-34FA6C25EE00}.MinSizeRel|x64.Build.0 = MinSizeRel|x64
		{2563F3A9-17CC-3A3F-9252-34FA6C25EE00}.RelWithDebInfo|x64.ActiveCfg = RelWithDebInfo|x64
		{2563F3A9-17CC-3A3F-9252-34FA6C25EE00}.RelWithDebInfo|x64.Build.0 = RelWithDebInfo|x64
		{90692AC6-8750-3AF4-A2B0-A34E75B26610}.Debug|x64.ActiveCfg = Debug|x64
		{90692AC6-8750-3AF4-A2B0-A34E75B26610}.Debug|x64.Build.0 = Debug|x64
		{90692AC6-8750-3AF4-A2B0-A34E75B26610}.Release|x64.ActiveCfg = Release|x64
		{90692AC6-8750-3AF4-A2B0-A34E75B26610}.Release|x64.Build.0 = Release|x64
		{90692AC6-8750-3AF4-A2B0-A34E75B26610}.MinSizeRel|x64.ActiveCfg = MinSizeRel|x64
		{90692AC6-8750-3AF4-A2B0-A34E75B26610}.MinSizeRel|x64.Build.0 = MinSizeRel|x64
		{90692AC6-8750-3AF4-A2B0-A34E75B26610}.RelWithDebInfo|x64.ActiveCfg = RelWithDebInfo|x64
		{90692AC6-8750-3AF4-A2B0-A34E75B26610}.RelWithDebInfo|x64.Build.0 = RelWithDebInfo|x64
		{C771599E-4B15-3A5C-92DB-6120838FDEC8}.Debug|x64.ActiveCfg = Debug|x64
		{C771599E-4B15-3A5C-92DB-6120838FDEC8}.Debug|x64.Build.0 = Debug|x64
		{C771599E-4B15-3A5C-92DB-6120838FDEC8}.Release|x64.ActiveCfg = Release|x64
		{C771599E-4B15-3A5C-92DB-6120838FDEC8}.Release|x64.Build.0 = Release|x64
		{C771599E-4B15-3A5C-92DB-6120838FDEC8}.MinSizeRel|x64.ActiveCfg = MinSizeRel|x64
		{C771599E-4B15-3A5C-92DB-6120838FDEC8}.MinSizeRel|x64.Build.0 = MinSizeRel|x64
		{C771599E-4B15-3A5C-92DB-6120838FDEC8}.RelWithDebInfo|x64.ActiveCfg = RelWithDebInfo|x64
		{C771599E-4B15-3A5C-92DB-6120838FDEC8}.RelWithDebInfo|x64.Build.0 = RelWithDebInfo|x64
	EndGlobalSection
	GlobalSection(ExtensibilityGlobals) = postSolution
		SolutionGuid = {EDAC2FB2-0835-386E-8C2C-0EA709EA4DB0}
	EndGlobalSection
	GlobalSection(ExtensibilityAddIns) = postSolution
	EndGlobalSection
EndGlobal
