<?xml version="1.0" encoding="utf-8"?>
<Project ToolsVersion="17.0" xmlns="http://schemas.microsoft.com/developer/msbuild/2003">
  <ItemGroup>
    <CustomBuild Include="E:\Projects\iofish3\msvc\tools\CMakeFiles\d59fb3a1814715e3b7e6945c725b61e2\generate.stamp.rule">
      <Filter>CMake Rules</Filter>
    </CustomBuild>
  </ItemGroup>
  <ItemGroup>
    <Filter Include="CMake Rules">
      <UniqueIdentifier>{4D3349CC-7353-3A54-ABC4-DD97082F6B37}</UniqueIdentifier>
    </Filter>
  </ItemGroup>
</Project>
